// !$*UTF8*$!
{
	archiveVersion = 1;
	classes = {
	};
	objectVersion = 46;
	objects = {

/* Begin PBXBuildFile section */
		1AC6FB30180E99EB004C840B /* libcocos2d iOS.a in Frameworks */ = {isa = PBXBuildFile; fileRef = 1AC6FB07180E9839004C840B /* libcocos2d iOS.a */; };
		1D60589F0D05DD5A006BFB54 /* Foundation.framework in Frameworks */ = {isa = PBXBuildFile; fileRef = 1D30AB110D05D00D00671497 /* Foundation.framework */; };
		1DF5F4E00D08C38300B7A737 /* UIKit.framework in Frameworks */ = {isa = PBXBuildFile; fileRef = 1DF5F4DF0D08C38300B7A737 /* UIKit.framework */; };
		288765A50DF7441C002DB57D /* CoreGraphics.framework in Frameworks */ = {isa = PBXBuildFile; fileRef = 288765A40DF7441C002DB57D /* CoreGraphics.framework */; };
		3EACC98F19EE6D4300EB3C5E /* res in Resources */ = {isa = PBXBuildFile; fileRef = 3EACC98E19EE6D4300EB3C5E /* res */; };
		46880B7B19C43A67006E1F66 /* CloseNormal.png in Resources */ = {isa = PBXBuildFile; fileRef = 46880B7619C43A67006E1F66 /* CloseNormal.png */; };
		46880B7D19C43A67006E1F66 /* CloseSelected.png in Resources */ = {isa = PBXBuildFile; fileRef = 46880B7719C43A67006E1F66 /* CloseSelected.png */; };
		46880B8119C43A67006E1F66 /* HelloWorld.png in Resources */ = {isa = PBXBuildFile; fileRef = 46880B7A19C43A67006E1F66 /* HelloWorld.png */; };
		46880B8819C43A87006E1F66 /* AppDelegate.cpp in Sources */ = {isa = PBXBuildFile; fileRef = 46880B8419C43A87006E1F66 /* AppDelegate.cpp */; };
		46880B8A19C43A87006E1F66 /* HelloWorldScene.cpp in Sources */ = {isa = PBXBuildFile; fileRef = 46880B8619C43A87006E1F66 /* HelloWorldScene.cpp */; };
		503AE10017EB989F00D1A890 /* AppController.mm in Sources */ = {isa = PBXBuildFile; fileRef = 503AE0FB17EB989F00D1A890 /* AppController.mm */; };
		503AE10117EB989F00D1A890 /* main.m in Sources */ = {isa = PBXBuildFile; fileRef = 503AE0FC17EB989F00D1A890 /* main.m */; };
		503AE10217EB989F00D1A890 /* RootViewController.mm in Sources */ = {isa = PBXBuildFile; fileRef = 503AE0FF17EB989F00D1A890 /* RootViewController.mm */; };
		504A5E6A215C706000A8362F /* libc++.tbd in Frameworks */ = {isa = PBXBuildFile; fileRef = 504A5E69215C706000A8362F /* libc++.tbd */; };
		504A5E6C215C708E00A8362F /* libiconv.tbd in Frameworks */ = {isa = PBXBuildFile; fileRef = 504A5E6B215C708E00A8362F /* libiconv.tbd */; };
		5087E77D17EB970100C73F5D /* Default-568h@2x.png in Resources */ = {isa = PBXBuildFile; fileRef = 5087E77217EB970100C73F5D /* Default-568h@2x.png */; };
		5087E77E17EB970100C73F5D /* Default.png in Resources */ = {isa = PBXBuildFile; fileRef = 5087E77317EB970100C73F5D /* Default.png */; };
		5087E77F17EB970100C73F5D /* Default@2x.png in Resources */ = {isa = PBXBuildFile; fileRef = 5087E77417EB970100C73F5D /* Default@2x.png */; };
		5087E78017EB970100C73F5D /* Icon-114.png in Resources */ = {isa = PBXBuildFile; fileRef = 5087E77517EB970100C73F5D /* Icon-114.png */; };
		5087E78117EB970100C73F5D /* Icon-120.png in Resources */ = {isa = PBXBuildFile; fileRef = 5087E77617EB970100C73F5D /* Icon-120.png */; };
		5087E78217EB970100C73F5D /* Icon-144.png in Resources */ = {isa = PBXBuildFile; fileRef = 5087E77717EB970100C73F5D /* Icon-144.png */; };
		5087E78317EB970100C73F5D /* Icon-152.png in Resources */ = {isa = PBXBuildFile; fileRef = 5087E77817EB970100C73F5D /* Icon-152.png */; };
		5087E78417EB970100C73F5D /* Icon-57.png in Resources */ = {isa = PBXBuildFile; fileRef = 5087E77917EB970100C73F5D /* Icon-57.png */; };
		5087E78517EB970100C73F5D /* Icon-72.png in Resources */ = {isa = PBXBuildFile; fileRef = 5087E77A17EB970100C73F5D /* Icon-72.png */; };
		5087E78617EB970100C73F5D /* Icon-76.png in Resources */ = {isa = PBXBuildFile; fileRef = 5087E77B17EB970100C73F5D /* Icon-76.png */; };
		50EF629617ECD46A001EB2F8 /* Icon-40.png in Resources */ = {isa = PBXBuildFile; fileRef = 50EF629217ECD46A001EB2F8 /* Icon-40.png */; };
		50EF629717ECD46A001EB2F8 /* Icon-58.png in Resources */ = {isa = PBXBuildFile; fileRef = 50EF629317ECD46A001EB2F8 /* Icon-58.png */; };
		50EF629817ECD46A001EB2F8 /* Icon-80.png in Resources */ = {isa = PBXBuildFile; fileRef = 50EF629417ECD46A001EB2F8 /* Icon-80.png */; };
		50EF629917ECD46A001EB2F8 /* Icon-100.png in Resources */ = {isa = PBXBuildFile; fileRef = 50EF629517ECD46A001EB2F8 /* Icon-100.png */; };
		50EF62A217ECD613001EB2F8 /* Icon-29.png in Resources */ = {isa = PBXBuildFile; fileRef = 50EF62A017ECD613001EB2F8 /* Icon-29.png */; };
		50EF62A317ECD613001EB2F8 /* Icon-50.png in Resources */ = {isa = PBXBuildFile; fileRef = 50EF62A117ECD613001EB2F8 /* Icon-50.png */; };
		521A8E6419F0C34300D177D7 /* Default-667h@2x.png in Resources */ = {isa = PBXBuildFile; fileRef = 521A8E6219F0C34300D177D7 /* Default-667h@2x.png */; };
		521A8E6519F0C34300D177D7 /* Default-736h@3x.png in Resources */ = {isa = PBXBuildFile; fileRef = 521A8E6319F0C34300D177D7 /* Default-736h@3x.png */; };
		521A8EA919F11F5000D177D7 /* fonts in Resources */ = {isa = PBXBuildFile; fileRef = 521A8EA819F11F5000D177D7 /* fonts */; };
		52B47A471A53D09C004E4C60 /* Security.framework in Frameworks */ = {isa = PBXBuildFile; fileRef = 52B47A461A53D09B004E4C60 /* Security.framework */; };
		BF171245129291EC00B8313A /* OpenGLES.framework in Frameworks */ = {isa = PBXBuildFile; fileRef = BF170DB012928DE900B8313A /* OpenGLES.framework */; };
		BF1712471292920000B8313A /* libz.dylib in Frameworks */ = {isa = PBXBuildFile; fileRef = BF170DB412928DE900B8313A /* libz.dylib */; };
		BF1C47F01293687400B63C5D /* QuartzCore.framework in Frameworks */ = {isa = PBXBuildFile; fileRef = BF1C47EA1293683800B63C5D /* QuartzCore.framework */; };
		D44C620C132DFF330009C878 /* OpenAL.framework in Frameworks */ = {isa = PBXBuildFile; fileRef = D44C620B132DFF330009C878 /* OpenAL.framework */; };
		D44C620E132DFF430009C878 /* AVFoundation.framework in Frameworks */ = {isa = PBXBuildFile; fileRef = D44C620D132DFF430009C878 /* AVFoundation.framework */; };
		D44C6210132DFF4E0009C878 /* AudioToolbox.framework in Frameworks */ = {isa = PBXBuildFile; fileRef = D44C620F132DFF4E0009C878 /* AudioToolbox.framework */; };
		D521E11D239A630700F4457B /* MOBFoundation.framework in Frameworks */ = {isa = PBXBuildFile; fileRef = D521E0B0239A630600F4457B /* MOBFoundation.framework */; };
		D521E11E239A630700F4457B /* RennSDK.bundle in Resources */ = {isa = PBXBuildFile; fileRef = D521E0B5239A630600F4457B /* RennSDK.bundle */; };
		D521E11F239A630700F4457B /* RennSDK.framework in Frameworks */ = {isa = PBXBuildFile; fileRef = D521E0B6239A630600F4457B /* RennSDK.framework */; };
		D521E120239A630700F4457B /* WeiboSDK.bundle in Resources */ = {isa = PBXBuildFile; fileRef = D521E0B8239A630600F4457B /* WeiboSDK.bundle */; };
		D521E121239A630700F4457B /* libWeiboSDK.a in Frameworks */ = {isa = PBXBuildFile; fileRef = D521E0B9239A630600F4457B /* libWeiboSDK.a */; };
		D521E122239A630700F4457B /* TikTokOpenPlatformSDK.framework in Frameworks */ = {isa = PBXBuildFile; fileRef = D521E0BD239A630600F4457B /* TikTokOpenPlatformSDK.framework */; };
		D521E123239A630700F4457B /* README.txt in Resources */ = {isa = PBXBuildFile; fileRef = D521E0C1239A630600F4457B /* README.txt */; };
		D521E124239A630700F4457B /* libWeChatSDK.a in Frameworks */ = {isa = PBXBuildFile; fileRef = D521E0C3239A630600F4457B /* libWeChatSDK.a */; };
		D521E125239A630700F4457B /* libAPOpenSdk.a in Frameworks */ = {isa = PBXBuildFile; fileRef = D521E0C5239A630600F4457B /* libAPOpenSdk.a */; };
		D521E126239A630700F4457B /* README.md in Resources */ = {isa = PBXBuildFile; fileRef = D521E0C6239A630600F4457B /* README.md */; };
		D521E127239A630700F4457B /* AccountKitStrings.bundle in Resources */ = {isa = PBXBuildFile; fileRef = D521E0CA239A630600F4457B /* AccountKitStrings.bundle */; };
		D521E128239A630700F4457B /* AccountKit.framework in Frameworks */ = {isa = PBXBuildFile; fileRef = D521E0CB239A630600F4457B /* AccountKit.framework */; };
		D521E129239A630700F4457B /* TYRZSDK.framework in Frameworks */ = {isa = PBXBuildFile; fileRef = D521E0CD239A630600F4457B /* TYRZSDK.framework */; };
		D521E12A239A630700F4457B /* Resource.bundle in Resources */ = {isa = PBXBuildFile; fileRef = D521E0CE239A630600F4457B /* Resource.bundle */; };
		D521E12B239A630700F4457B /* LineSDK.framework in Frameworks */ = {isa = PBXBuildFile; fileRef = D521E0D0239A630600F4457B /* LineSDK.framework */; };
		D521E12C239A630700F4457B /* libWXWorkApi.a in Frameworks */ = {isa = PBXBuildFile; fileRef = D521E0D2239A630600F4457B /* libWXWorkApi.a */; };
		D521E12D239A630700F4457B /* MPShareSDK.framework in Frameworks */ = {isa = PBXBuildFile; fileRef = D521E0D6239A630600F4457B /* MPShareSDK.framework */; };
		D521E12E239A630700F4457B /* TencentOpenAPI.framework in Frameworks */ = {isa = PBXBuildFile; fileRef = D521E0D8239A630600F4457B /* TencentOpenAPI.framework */; };
		D521E12F239A630700F4457B /* KakaoCommon.framework in Frameworks */ = {isa = PBXBuildFile; fileRef = D521E0DA239A630600F4457B /* KakaoCommon.framework */; };
		D521E130239A630700F4457B /* KakaoLink.framework in Frameworks */ = {isa = PBXBuildFile; fileRef = D521E0DB239A630600F4457B /* KakaoLink.framework */; };
		D521E131239A630700F4457B /* KakaoOpenSDK.framework in Frameworks */ = {isa = PBXBuildFile; fileRef = D521E0DC239A630600F4457B /* KakaoOpenSDK.framework */; };
		D521E132239A630700F4457B /* HTMLResource.bundle in Resources */ = {isa = PBXBuildFile; fileRef = D521E0DE239A630600F4457B /* HTMLResource.bundle */; };
		D521E133239A630700F4457B /* EAccountSDKArchive.framework in Frameworks */ = {isa = PBXBuildFile; fileRef = D521E0DF239A630600F4457B /* EAccountSDKArchive.framework */; };
		D521E134239A630700F4457B /* DTShareKit.framework in Frameworks */ = {isa = PBXBuildFile; fileRef = D521E0E1239A630600F4457B /* DTShareKit.framework */; };
		D521E135239A630700F4457B /* libYixinSDK.a in Frameworks */ = {isa = PBXBuildFile; fileRef = D521E0E3239A630600F4457B /* libYixinSDK.a */; };
		D521E136239A630700F4457B /* ShareSDKConnector.framework in Frameworks */ = {isa = PBXBuildFile; fileRef = D521E0E7239A630700F4457B /* ShareSDKConnector.framework */; };
		D521E137239A630700F4457B /* ShareSDK.bundle in Resources */ = {isa = PBXBuildFile; fileRef = D521E0E8239A630700F4457B /* ShareSDK.bundle */; };
		D521E138239A630700F4457B /* ShareSDKUI.bundle in Resources */ = {isa = PBXBuildFile; fileRef = D521E0EA239A630700F4457B /* ShareSDKUI.bundle */; };
		D521E139239A630700F4457B /* ShareSDKLink.framework in Frameworks */ = {isa = PBXBuildFile; fileRef = D521E0EB239A630700F4457B /* ShareSDKLink.framework */; };
		D521E13A239A630700F4457B /* ShareSDKConfigFile.framework in Frameworks */ = {isa = PBXBuildFile; fileRef = D521E0EC239A630700F4457B /* ShareSDKConfigFile.framework */; };
		D521E13B239A630700F4457B /* ShareSDKExtension.framework in Frameworks */ = {isa = PBXBuildFile; fileRef = D521E0ED239A630700F4457B /* ShareSDKExtension.framework */; };
		D521E13C239A630700F4457B /* ShareSDKUI.framework in Frameworks */ = {isa = PBXBuildFile; fileRef = D521E0EE239A630700F4457B /* ShareSDKUI.framework */; };
		D521E13D239A630700F4457B /* ShareSDKConfigFile.bundle in Resources */ = {isa = PBXBuildFile; fileRef = D521E0EF239A630700F4457B /* ShareSDKConfigFile.bundle */; };
		D521E13E239A630700F4457B /* PrintConnector.framework in Frameworks */ = {isa = PBXBuildFile; fileRef = D521E0F1239A630700F4457B /* PrintConnector.framework */; };
		D521E13F239A630700F4457B /* SMSConnector.framework in Frameworks */ = {isa = PBXBuildFile; fileRef = D521E0F2239A630700F4457B /* SMSConnector.framework */; };
		D521E140239A630700F4457B /* DropboxConnector.framework in Frameworks */ = {isa = PBXBuildFile; fileRef = D521E0F3239A630700F4457B /* DropboxConnector.framework */; };
		D521E141239A630700F4457B /* RedditConnector.framework in Frameworks */ = {isa = PBXBuildFile; fileRef = D521E0F4239A630700F4457B /* RedditConnector.framework */; };
		D521E142239A630700F4457B /* ESurfingConnector.framework in Frameworks */ = {isa = PBXBuildFile; fileRef = D521E0F5239A630700F4457B /* ESurfingConnector.framework */; };
		D521E143239A630700F4457B /* FacebookAccountConnector.framework in Frameworks */ = {isa = PBXBuildFile; fileRef = D521E0F6239A630700F4457B /* FacebookAccountConnector.framework */; };
		D521E144239A630700F4457B /* FacebookMessengerConnector.framework in Frameworks */ = {isa = PBXBuildFile; fileRef = D521E0F7239A630700F4457B /* FacebookMessengerConnector.framework */; };
		D521E145239A630700F4457B /* WhatsAppConnector.framework in Frameworks */ = {isa = PBXBuildFile; fileRef = D521E0F8239A630700F4457B /* WhatsAppConnector.framework */; };
		D521E146239A630700F4457B /* AppleAccountConnector.framework in Frameworks */ = {isa = PBXBuildFile; fileRef = D521E0F9239A630700F4457B /* AppleAccountConnector.framework */; };
		D521E147239A630700F4457B /* TelegramConnector.framework in Frameworks */ = {isa = PBXBuildFile; fileRef = D521E0FA239A630700F4457B /* TelegramConnector.framework */; };
		D521E148239A630700F4457B /* EasyChatConnector.framework in Frameworks */ = {isa = PBXBuildFile; fileRef = D521E0FB239A630700F4457B /* EasyChatConnector.framework */; };
		D521E149239A630700F4457B /* CMCCConnector.framework in Frameworks */ = {isa = PBXBuildFile; fileRef = D521E0FC239A630700F4457B /* CMCCConnector.framework */; };
		D521E14A239A630700F4457B /* AliSocialConnector.framework in Frameworks */ = {isa = PBXBuildFile; fileRef = D521E0FD239A630700F4457B /* AliSocialConnector.framework */; };
		D521E14B239A630700F4457B /* KaiXinConnector.framework in Frameworks */ = {isa = PBXBuildFile; fileRef = D521E0FE239A630700F4457B /* KaiXinConnector.framework */; };
		D521E14C239A630700F4457B /* MailConnector.framework in Frameworks */ = {isa = PBXBuildFile; fileRef = D521E0FF239A630700F4457B /* MailConnector.framework */; };
		D521E14D239A630700F4457B /* QQConnector.framework in Frameworks */ = {isa = PBXBuildFile; fileRef = D521E100239A630700F4457B /* QQConnector.framework */; };
		D521E14E239A630700F4457B /* TumblrConnector.framework in Frameworks */ = {isa = PBXBuildFile; fileRef = D521E101239A630700F4457B /* TumblrConnector.framework */; };
		D521E14F239A630700F4457B /* VKontakteConnector.framework in Frameworks */ = {isa = PBXBuildFile; fileRef = D521E102239A630700F4457B /* VKontakteConnector.framework */; };
		D521E150239A630700F4457B /* PocketConnector.framework in Frameworks */ = {isa = PBXBuildFile; fileRef = D521E103239A630700F4457B /* PocketConnector.framework */; };
		D521E151239A630700F4457B /* MingDaoConnector.framework in Frameworks */ = {isa = PBXBuildFile; fileRef = D521E104239A630700F4457B /* MingDaoConnector.framework */; };
		D521E152239A630700F4457B /* GooglePlusConnector.framework in Frameworks */ = {isa = PBXBuildFile; fileRef = D521E105239A630700F4457B /* GooglePlusConnector.framework */; };
		D521E153239A630700F4457B /* TencentWeiboConnector.framework in Frameworks */ = {isa = PBXBuildFile; fileRef = D521E106239A630700F4457B /* TencentWeiboConnector.framework */; };
		D521E154239A630700F4457B /* LineConnector.framework in Frameworks */ = {isa = PBXBuildFile; fileRef = D521E107239A630700F4457B /* LineConnector.framework */; };
		D521E155239A630700F4457B /* MeiPaiConnector.framework in Frameworks */ = {isa = PBXBuildFile; fileRef = D521E108239A630700F4457B /* MeiPaiConnector.framework */; };
		D521E156239A630700F4457B /* DouyinConnector.framework in Frameworks */ = {isa = PBXBuildFile; fileRef = D521E109239A630700F4457B /* DouyinConnector.framework */; };
		D521E157239A630700F4457B /* CopyConnector.framework in Frameworks */ = {isa = PBXBuildFile; fileRef = D521E10A239A630700F4457B /* CopyConnector.framework */; };
		D521E158239A630700F4457B /* EvernoteConnector.framework in Frameworks */ = {isa = PBXBuildFile; fileRef = D521E10B239A630700F4457B /* EvernoteConnector.framework */; };
		D521E159239A630700F4457B /* InstapaperConnector.framework in Frameworks */ = {isa = PBXBuildFile; fileRef = D521E10C239A630700F4457B /* InstapaperConnector.framework */; };
		D521E15A239A630700F4457B /* LinkedInConnector.framework in Frameworks */ = {isa = PBXBuildFile; fileRef = D521E10D239A630700F4457B /* LinkedInConnector.framework */; };
		D521E15B239A630700F4457B /* FlickrConnector.framework in Frameworks */ = {isa = PBXBuildFile; fileRef = D521E10E239A630700F4457B /* FlickrConnector.framework */; };
		D521E15C239A630700F4457B /* DingTalkConnector.framework in Frameworks */ = {isa = PBXBuildFile; fileRef = D521E10F239A630700F4457B /* DingTalkConnector.framework */; };
		D521E15D239A630700F4457B /* YouTubeConnector.framework in Frameworks */ = {isa = PBXBuildFile; fileRef = D521E110239A630700F4457B /* YouTubeConnector.framework */; };
		D521E15E239A630700F4457B /* TwitterConnector.framework in Frameworks */ = {isa = PBXBuildFile; fileRef = D521E111239A630700F4457B /* TwitterConnector.framework */; };
		D521E15F239A630700F4457B /* FacebookConnector.framework in Frameworks */ = {isa = PBXBuildFile; fileRef = D521E112239A630700F4457B /* FacebookConnector.framework */; };
		D521E160239A630700F4457B /* WechatConnector.framework in Frameworks */ = {isa = PBXBuildFile; fileRef = D521E113239A630700F4457B /* WechatConnector.framework */; };
		D521E161239A630700F4457B /* YouDaoNoteConnector.framework in Frameworks */ = {isa = PBXBuildFile; fileRef = D521E114239A630700F4457B /* YouDaoNoteConnector.framework */; };
		D521E162239A630700F4457B /* RenrenConnector.framework in Frameworks */ = {isa = PBXBuildFile; fileRef = D521E115239A630700F4457B /* RenrenConnector.framework */; };
		D521E163239A630700F4457B /* PinterestConnector.framework in Frameworks */ = {isa = PBXBuildFile; fileRef = D521E116239A630700F4457B /* PinterestConnector.framework */; };
		D521E164239A630700F4457B /* InstagramConnector.framework in Frameworks */ = {isa = PBXBuildFile; fileRef = D521E117239A630700F4457B /* InstagramConnector.framework */; };
		D521E165239A630700F4457B /* KakaoConnector.framework in Frameworks */ = {isa = PBXBuildFile; fileRef = D521E118239A630700F4457B /* KakaoConnector.framework */; };
		D521E166239A630700F4457B /* SinaWeiboConnector.framework in Frameworks */ = {isa = PBXBuildFile; fileRef = D521E119239A630700F4457B /* SinaWeiboConnector.framework */; };
		D521E167239A630700F4457B /* WeworkConnector.framework in Frameworks */ = {isa = PBXBuildFile; fileRef = D521E11A239A630700F4457B /* WeworkConnector.framework */; };
		D521E168239A630700F4457B /* DouBanConnector.framework in Frameworks */ = {isa = PBXBuildFile; fileRef = D521E11B239A630700F4457B /* DouBanConnector.framework */; };
		D521E169239A630700F4457B /* ShareSDK.framework in Frameworks */ = {isa = PBXBuildFile; fileRef = D521E11C239A630700F4457B /* ShareSDK.framework */; };
		D6B0611B1803AB670077942B /* CoreMotion.framework in Frameworks */ = {isa = PBXBuildFile; fileRef = D6B0611A1803AB670077942B /* CoreMotion.framework */; };
		DE5977D81C294E15007238D8 /* libz.dylib in Frameworks */ = {isa = PBXBuildFile; fileRef = DE5977D71C294E14007238D8 /* libz.dylib */; };
		DE5977DC1C294E24007238D8 /* JavaScriptCore.framework in Frameworks */ = {isa = PBXBuildFile; fileRef = DE5977DB1C294E24007238D8 /* JavaScriptCore.framework */; };
		DE5977DE1C294E2C007238D8 /* ImageIO.framework in Frameworks */ = {isa = PBXBuildFile; fileRef = DE5977DD1C294E2C007238D8 /* ImageIO.framework */; };
		DE5977E01C294E32007238D8 /* AdSupport.framework in Frameworks */ = {isa = PBXBuildFile; fileRef = DE5977DF1C294E32007238D8 /* AdSupport.framework */; };
		DE5977E21C294E3A007238D8 /* libsqlite3.dylib in Frameworks */ = {isa = PBXBuildFile; fileRef = DE5977E11C294E3A007238D8 /* libsqlite3.dylib */; };
		DE5977E41C294E46007238D8 /* MessageUI.framework in Frameworks */ = {isa = PBXBuildFile; fileRef = DE5977E31C294E46007238D8 /* MessageUI.framework */; };
		DE5977E61C294E50007238D8 /* CoreMotion.framework in Frameworks */ = {isa = PBXBuildFile; fileRef = DE5977E51C294E50007238D8 /* CoreMotion.framework */; };
		DE5977E81C294E58007238D8 /* CoreLocation.framework in Frameworks */ = {isa = PBXBuildFile; fileRef = DE5977E71C294E58007238D8 /* CoreLocation.framework */; };
		DE5977EA1C294E65007238D8 /* MediaPlayer.framework in Frameworks */ = {isa = PBXBuildFile; fileRef = DE5977E91C294E65007238D8 /* MediaPlayer.framework */; };
		DE5977EC1C294E6A007238D8 /* AssetsLibrary.framework in Frameworks */ = {isa = PBXBuildFile; fileRef = DE5977EB1C294E6A007238D8 /* AssetsLibrary.framework */; };
		DE5977EE1C294E76007238D8 /* AddressBook.framework in Frameworks */ = {isa = PBXBuildFile; fileRef = DE5977ED1C294E76007238D8 /* AddressBook.framework */; };
		DED9EDDE1C294D7100183B2F /* C2DXShareSDK.cpp in Sources */ = {isa = PBXBuildFile; fileRef = DED9EDD51C294D7100183B2F /* C2DXShareSDK.cpp */; };
		DED9EDDF1C294D7100183B2F /* C2DXiOSShareSDK.mm in Sources */ = {isa = PBXBuildFile; fileRef = DED9EDDA1C294D7100183B2F /* C2DXiOSShareSDK.mm */; };
		DED9EDF11C294FB200183B2F /* GameController.framework in Frameworks */ = {isa = PBXBuildFile; fileRef = DED9EDF01C294FB200183B2F /* GameController.framework */; };
/* End PBXBuildFile section */

/* Begin PBXContainerItemProxy section */
		1AC6FAF8180E9839004C840B /* PBXContainerItemProxy */ = {
			isa = PBXContainerItemProxy;
			containerPortal = 1AC6FAE5180E9839004C840B /* cocos2d_libs.xcodeproj */;
			proxyType = 2;
			remoteGlobalIDString = 1551A33F158F2AB200E66CFE;
			remoteInfo = "cocos2dx Mac";
		};
		1AC6FB06180E9839004C840B /* PBXContainerItemProxy */ = {
			isa = PBXContainerItemProxy;
			containerPortal = 1AC6FAE5180E9839004C840B /* cocos2d_libs.xcodeproj */;
			proxyType = 2;
			remoteGlobalIDString = A07A4D641783777C0073F6A7;
			remoteInfo = "cocos2dx iOS";
		};
		1AC6FB24180E99E1004C840B /* PBXContainerItemProxy */ = {
			isa = PBXContainerItemProxy;
			containerPortal = 1AC6FAE5180E9839004C840B /* cocos2d_libs.xcodeproj */;
			proxyType = 1;
			remoteGlobalIDString = A07A4C241783777C0073F6A7;
			remoteInfo = "cocos2dx iOS";
		};
/* End PBXContainerItemProxy section */

/* Begin PBXFileReference section */
		0B789DFC235D93FA002FEDF3 /* iOSShareSDKForCocos2DX-mobile.entitlements */ = {isa = PBXFileReference; lastKnownFileType = text.plist.entitlements; path = "iOSShareSDKForCocos2DX-mobile.entitlements"; sourceTree = "<group>"; };
		1AC6FAE5180E9839004C840B /* cocos2d_libs.xcodeproj */ = {isa = PBXFileReference; lastKnownFileType = "wrapper.pb-project"; name = cocos2d_libs.xcodeproj; path = ../cocos2d/build/cocos2d_libs.xcodeproj; sourceTree = "<group>"; };
		1ACB3243164770DE00914215 /* libcurl.a */ = {isa = PBXFileReference; lastKnownFileType = archive.ar; name = libcurl.a; path = ../../cocos2dx/platform/third_party/ios/libraries/libcurl.a; sourceTree = "<group>"; };
		1D30AB110D05D00D00671497 /* Foundation.framework */ = {isa = PBXFileReference; lastKnownFileType = wrapper.framework; name = Foundation.framework; path = System/Library/Frameworks/Foundation.framework; sourceTree = SDKROOT; };
		1D6058910D05DD3D006BFB54 /* iOSShareSDKForCocos2DX-mobile.app */ = {isa = PBXFileReference; explicitFileType = wrapper.application; includeInIndex = 0; path = "iOSShareSDKForCocos2DX-mobile.app"; sourceTree = BUILT_PRODUCTS_DIR; };
		1DF5F4DF0D08C38300B7A737 /* UIKit.framework */ = {isa = PBXFileReference; lastKnownFileType = wrapper.framework; name = UIKit.framework; path = System/Library/Frameworks/UIKit.framework; sourceTree = SDKROOT; };
		288765A40DF7441C002DB57D /* CoreGraphics.framework */ = {isa = PBXFileReference; lastKnownFileType = wrapper.framework; name = CoreGraphics.framework; path = System/Library/Frameworks/CoreGraphics.framework; sourceTree = SDKROOT; };
		3EACC98E19EE6D4300EB3C5E /* res */ = {isa = PBXFileReference; lastKnownFileType = folder; path = res; sourceTree = "<group>"; };
		46880B7619C43A67006E1F66 /* CloseNormal.png */ = {isa = PBXFileReference; lastKnownFileType = image.png; path = CloseNormal.png; sourceTree = "<group>"; };
		46880B7719C43A67006E1F66 /* CloseSelected.png */ = {isa = PBXFileReference; lastKnownFileType = image.png; path = CloseSelected.png; sourceTree = "<group>"; };
		46880B7A19C43A67006E1F66 /* HelloWorld.png */ = {isa = PBXFileReference; lastKnownFileType = image.png; path = HelloWorld.png; sourceTree = "<group>"; };
		46880B8419C43A87006E1F66 /* AppDelegate.cpp */ = {isa = PBXFileReference; fileEncoding = 4; lastKnownFileType = sourcecode.cpp.cpp; path = AppDelegate.cpp; sourceTree = "<group>"; };
		46880B8519C43A87006E1F66 /* AppDelegate.h */ = {isa = PBXFileReference; fileEncoding = 4; lastKnownFileType = sourcecode.c.h; path = AppDelegate.h; sourceTree = "<group>"; };
		46880B8619C43A87006E1F66 /* HelloWorldScene.cpp */ = {isa = PBXFileReference; fileEncoding = 4; lastKnownFileType = sourcecode.cpp.cpp; path = HelloWorldScene.cpp; sourceTree = "<group>"; };
		46880B8719C43A87006E1F66 /* HelloWorldScene.h */ = {isa = PBXFileReference; fileEncoding = 4; lastKnownFileType = sourcecode.c.h; path = HelloWorldScene.h; sourceTree = "<group>"; };
		503AE0F617EB97AB00D1A890 /* Icon.icns */ = {isa = PBXFileReference; lastKnownFileType = image.icns; path = Icon.icns; sourceTree = "<group>"; };
		503AE0F717EB97AB00D1A890 /* Info.plist */ = {isa = PBXFileReference; fileEncoding = 4; lastKnownFileType = text.plist.xml; path = Info.plist; sourceTree = "<group>"; };
		503AE0FA17EB989F00D1A890 /* AppController.h */ = {isa = PBXFileReference; fileEncoding = 4; lastKnownFileType = sourcecode.c.h; name = AppController.h; path = ios/AppController.h; sourceTree = SOURCE_ROOT; };
		503AE0FB17EB989F00D1A890 /* AppController.mm */ = {isa = PBXFileReference; fileEncoding = 4; lastKnownFileType = sourcecode.cpp.objcpp; name = AppController.mm; path = ios/AppController.mm; sourceTree = SOURCE_ROOT; };
		503AE0FC17EB989F00D1A890 /* main.m */ = {isa = PBXFileReference; fileEncoding = 4; lastKnownFileType = sourcecode.c.objc; name = main.m; path = ios/main.m; sourceTree = SOURCE_ROOT; };
		503AE0FD17EB989F00D1A890 /* Prefix.pch */ = {isa = PBXFileReference; fileEncoding = 4; lastKnownFileType = sourcecode.c.h; name = Prefix.pch; path = ios/Prefix.pch; sourceTree = SOURCE_ROOT; };
		503AE0FE17EB989F00D1A890 /* RootViewController.h */ = {isa = PBXFileReference; fileEncoding = 4; lastKnownFileType = sourcecode.c.h; name = RootViewController.h; path = ios/RootViewController.h; sourceTree = SOURCE_ROOT; };
		503AE0FF17EB989F00D1A890 /* RootViewController.mm */ = {isa = PBXFileReference; fileEncoding = 4; lastKnownFileType = sourcecode.cpp.objcpp; name = RootViewController.mm; path = ios/RootViewController.mm; sourceTree = SOURCE_ROOT; };
		503AE10317EB98FF00D1A890 /* main.cpp */ = {isa = PBXFileReference; fileEncoding = 4; lastKnownFileType = sourcecode.cpp.cpp; name = main.cpp; path = mac/main.cpp; sourceTree = "<group>"; };
		503AE10417EB98FF00D1A890 /* Prefix.pch */ = {isa = PBXFileReference; fileEncoding = 4; lastKnownFileType = sourcecode.c.h; name = Prefix.pch; path = mac/Prefix.pch; sourceTree = "<group>"; };
		503AE11117EB99EE00D1A890 /* libcurl.dylib */ = {isa = PBXFileReference; lastKnownFileType = "compiled.mach-o.dylib"; name = libcurl.dylib; path = usr/lib/libcurl.dylib; sourceTree = SDKROOT; };
		503AE11A17EB9C5A00D1A890 /* IOKit.framework */ = {isa = PBXFileReference; lastKnownFileType = wrapper.framework; name = IOKit.framework; path = System/Library/Frameworks/IOKit.framework; sourceTree = SDKROOT; };
		504A5E69215C706000A8362F /* libc++.tbd */ = {isa = PBXFileReference; lastKnownFileType = "sourcecode.text-based-dylib-definition"; name = "libc++.tbd"; path = "Platforms/iPhoneOS.platform/Developer/SDKs/iPhoneOS12.0.sdk/usr/lib/libc++.tbd"; sourceTree = DEVELOPER_DIR; };
		504A5E6B215C708E00A8362F /* libiconv.tbd */ = {isa = PBXFileReference; lastKnownFileType = "sourcecode.text-based-dylib-definition"; name = libiconv.tbd; path = Platforms/iPhoneOS.platform/Developer/SDKs/iPhoneOS12.0.sdk/usr/lib/libiconv.tbd; sourceTree = DEVELOPER_DIR; };
		5087E77217EB970100C73F5D /* Default-568h@2x.png */ = {isa = PBXFileReference; lastKnownFileType = image.png; path = "Default-568h@2x.png"; sourceTree = "<group>"; };
		5087E77317EB970100C73F5D /* Default.png */ = {isa = PBXFileReference; lastKnownFileType = image.png; path = Default.png; sourceTree = "<group>"; };
		5087E77417EB970100C73F5D /* Default@2x.png */ = {isa = PBXFileReference; lastKnownFileType = image.png; path = "Default@2x.png"; sourceTree = "<group>"; };
		5087E77517EB970100C73F5D /* Icon-114.png */ = {isa = PBXFileReference; lastKnownFileType = image.png; path = "Icon-114.png"; sourceTree = "<group>"; };
		5087E77617EB970100C73F5D /* Icon-120.png */ = {isa = PBXFileReference; lastKnownFileType = image.png; path = "Icon-120.png"; sourceTree = "<group>"; };
		5087E77717EB970100C73F5D /* Icon-144.png */ = {isa = PBXFileReference; lastKnownFileType = image.png; path = "Icon-144.png"; sourceTree = "<group>"; };
		5087E77817EB970100C73F5D /* Icon-152.png */ = {isa = PBXFileReference; lastKnownFileType = image.png; path = "Icon-152.png"; sourceTree = "<group>"; };
		5087E77917EB970100C73F5D /* Icon-57.png */ = {isa = PBXFileReference; lastKnownFileType = image.png; path = "Icon-57.png"; sourceTree = "<group>"; };
		5087E77A17EB970100C73F5D /* Icon-72.png */ = {isa = PBXFileReference; lastKnownFileType = image.png; path = "Icon-72.png"; sourceTree = "<group>"; };
		5087E77B17EB970100C73F5D /* Icon-76.png */ = {isa = PBXFileReference; lastKnownFileType = image.png; path = "Icon-76.png"; sourceTree = "<group>"; };
		5087E77C17EB970100C73F5D /* Info.plist */ = {isa = PBXFileReference; fileEncoding = 4; lastKnownFileType = text.plist.xml; path = Info.plist; sourceTree = "<group>"; };
		5087E78817EB974C00C73F5D /* AppKit.framework */ = {isa = PBXFileReference; lastKnownFileType = wrapper.framework; name = AppKit.framework; path = System/Library/Frameworks/AppKit.framework; sourceTree = SDKROOT; };
		5087E78A17EB975400C73F5D /* OpenGL.framework */ = {isa = PBXFileReference; lastKnownFileType = wrapper.framework; name = OpenGL.framework; path = System/Library/Frameworks/OpenGL.framework; sourceTree = SDKROOT; };
		50EF629217ECD46A001EB2F8 /* Icon-40.png */ = {isa = PBXFileReference; lastKnownFileType = image.png; path = "Icon-40.png"; sourceTree = "<group>"; };
		50EF629317ECD46A001EB2F8 /* Icon-58.png */ = {isa = PBXFileReference; lastKnownFileType = image.png; path = "Icon-58.png"; sourceTree = "<group>"; };
		50EF629417ECD46A001EB2F8 /* Icon-80.png */ = {isa = PBXFileReference; lastKnownFileType = image.png; path = "Icon-80.png"; sourceTree = "<group>"; };
		50EF629517ECD46A001EB2F8 /* Icon-100.png */ = {isa = PBXFileReference; lastKnownFileType = image.png; path = "Icon-100.png"; sourceTree = "<group>"; };
		50EF62A017ECD613001EB2F8 /* Icon-29.png */ = {isa = PBXFileReference; lastKnownFileType = image.png; path = "Icon-29.png"; sourceTree = "<group>"; };
		50EF62A117ECD613001EB2F8 /* Icon-50.png */ = {isa = PBXFileReference; lastKnownFileType = image.png; path = "Icon-50.png"; sourceTree = "<group>"; };
		521A8E6219F0C34300D177D7 /* Default-667h@2x.png */ = {isa = PBXFileReference; lastKnownFileType = image.png; path = "Default-667h@2x.png"; sourceTree = "<group>"; };
		521A8E6319F0C34300D177D7 /* Default-736h@3x.png */ = {isa = PBXFileReference; lastKnownFileType = image.png; path = "Default-736h@3x.png"; sourceTree = "<group>"; };
		521A8EA819F11F5000D177D7 /* fonts */ = {isa = PBXFileReference; lastKnownFileType = folder; path = fonts; sourceTree = "<group>"; };
		52B47A461A53D09B004E4C60 /* Security.framework */ = {isa = PBXFileReference; lastKnownFileType = wrapper.framework; name = Security.framework; path = Platforms/iPhoneOS.platform/Developer/SDKs/iPhoneOS8.1.sdk/System/Library/Frameworks/Security.framework; sourceTree = DEVELOPER_DIR; };
		8262943D1AAF051F00CB7CF7 /* Security.framework */ = {isa = PBXFileReference; lastKnownFileType = wrapper.framework; name = Security.framework; path = System/Library/Frameworks/Security.framework; sourceTree = SDKROOT; };
		BF170DB012928DE900B8313A /* OpenGLES.framework */ = {isa = PBXFileReference; lastKnownFileType = wrapper.framework; name = OpenGLES.framework; path = System/Library/Frameworks/OpenGLES.framework; sourceTree = SDKROOT; };
		BF170DB412928DE900B8313A /* libz.dylib */ = {isa = PBXFileReference; lastKnownFileType = "compiled.mach-o.dylib"; name = libz.dylib; path = usr/lib/libz.dylib; sourceTree = SDKROOT; };
		BF1C47EA1293683800B63C5D /* QuartzCore.framework */ = {isa = PBXFileReference; lastKnownFileType = wrapper.framework; name = QuartzCore.framework; path = System/Library/Frameworks/QuartzCore.framework; sourceTree = SDKROOT; };
		D44C620B132DFF330009C878 /* OpenAL.framework */ = {isa = PBXFileReference; lastKnownFileType = wrapper.framework; name = OpenAL.framework; path = System/Library/Frameworks/OpenAL.framework; sourceTree = SDKROOT; };
		D44C620D132DFF430009C878 /* AVFoundation.framework */ = {isa = PBXFileReference; lastKnownFileType = wrapper.framework; name = AVFoundation.framework; path = System/Library/Frameworks/AVFoundation.framework; sourceTree = SDKROOT; };
		D44C620F132DFF4E0009C878 /* AudioToolbox.framework */ = {isa = PBXFileReference; lastKnownFileType = wrapper.framework; name = AudioToolbox.framework; path = System/Library/Frameworks/AudioToolbox.framework; sourceTree = SDKROOT; };
		D521E0B0239A630600F4457B /* MOBFoundation.framework */ = {isa = PBXFileReference; lastKnownFileType = wrapper.framework; path = MOBFoundation.framework; sourceTree = "<group>"; };
		D521E0B5239A630600F4457B /* RennSDK.bundle */ = {isa = PBXFileReference; lastKnownFileType = "wrapper.plug-in"; path = RennSDK.bundle; sourceTree = "<group>"; };
		D521E0B6239A630600F4457B /* RennSDK.framework */ = {isa = PBXFileReference; lastKnownFileType = wrapper.framework; path = RennSDK.framework; sourceTree = "<group>"; };
		D521E0B8239A630600F4457B /* WeiboSDK.bundle */ = {isa = PBXFileReference; lastKnownFileType = "wrapper.plug-in"; path = WeiboSDK.bundle; sourceTree = "<group>"; };
		D521E0B9239A630600F4457B /* libWeiboSDK.a */ = {isa = PBXFileReference; lastKnownFileType = archive.ar; path = libWeiboSDK.a; sourceTree = "<group>"; };
		D521E0BA239A630600F4457B /* WBHttpRequest.h */ = {isa = PBXFileReference; fileEncoding = 4; lastKnownFileType = sourcecode.c.h; path = WBHttpRequest.h; sourceTree = "<group>"; };
		D521E0BB239A630600F4457B /* WeiboSDK.h */ = {isa = PBXFileReference; fileEncoding = 4; lastKnownFileType = sourcecode.c.h; path = WeiboSDK.h; sourceTree = "<group>"; };
		D521E0BD239A630600F4457B /* TikTokOpenPlatformSDK.framework */ = {isa = PBXFileReference; lastKnownFileType = wrapper.framework; path = TikTokOpenPlatformSDK.framework; sourceTree = "<group>"; };
		D521E0BF239A630600F4457B /* WXApi.h */ = {isa = PBXFileReference; fileEncoding = 4; lastKnownFileType = sourcecode.c.h; path = WXApi.h; sourceTree = "<group>"; };
		D521E0C0239A630600F4457B /* WXApiObject.h */ = {isa = PBXFileReference; fileEncoding = 4; lastKnownFileType = sourcecode.c.h; path = WXApiObject.h; sourceTree = "<group>"; };
		D521E0C1239A630600F4457B /* README.txt */ = {isa = PBXFileReference; fileEncoding = 4; lastKnownFileType = text; path = README.txt; sourceTree = "<group>"; };
		D521E0C2239A630600F4457B /* WechatAuthSDK.h */ = {isa = PBXFileReference; fileEncoding = 4; lastKnownFileType = sourcecode.c.h; path = WechatAuthSDK.h; sourceTree = "<group>"; };
		D521E0C3239A630600F4457B /* libWeChatSDK.a */ = {isa = PBXFileReference; lastKnownFileType = archive.ar; path = libWeChatSDK.a; sourceTree = "<group>"; };
		D521E0C5239A630600F4457B /* libAPOpenSdk.a */ = {isa = PBXFileReference; lastKnownFileType = archive.ar; path = libAPOpenSdk.a; sourceTree = "<group>"; };
		D521E0C6239A630600F4457B /* README.md */ = {isa = PBXFileReference; fileEncoding = 4; lastKnownFileType = net.daringfireball.markdown; path = README.md; sourceTree = "<group>"; };
		D521E0C7239A630600F4457B /* APOpenAPIObject.h */ = {isa = PBXFileReference; fileEncoding = 4; lastKnownFileType = sourcecode.c.h; path = APOpenAPIObject.h; sourceTree = "<group>"; };
		D521E0C8239A630600F4457B /* APOpenAPI.h */ = {isa = PBXFileReference; fileEncoding = 4; lastKnownFileType = sourcecode.c.h; path = APOpenAPI.h; sourceTree = "<group>"; };
		D521E0CA239A630600F4457B /* AccountKitStrings.bundle */ = {isa = PBXFileReference; lastKnownFileType = "wrapper.plug-in"; path = AccountKitStrings.bundle; sourceTree = "<group>"; };
		D521E0CB239A630600F4457B /* AccountKit.framework */ = {isa = PBXFileReference; lastKnownFileType = wrapper.framework; path = AccountKit.framework; sourceTree = "<group>"; };
		D521E0CD239A630600F4457B /* TYRZSDK.framework */ = {isa = PBXFileReference; lastKnownFileType = wrapper.framework; path = TYRZSDK.framework; sourceTree = "<group>"; };
		D521E0CE239A630600F4457B /* Resource.bundle */ = {isa = PBXFileReference; lastKnownFileType = "wrapper.plug-in"; path = Resource.bundle; sourceTree = "<group>"; };
		D521E0D0239A630600F4457B /* LineSDK.framework */ = {isa = PBXFileReference; lastKnownFileType = wrapper.framework; path = LineSDK.framework; sourceTree = "<group>"; };
		D521E0D2239A630600F4457B /* libWXWorkApi.a */ = {isa = PBXFileReference; lastKnownFileType = archive.ar; path = libWXWorkApi.a; sourceTree = "<group>"; };
		D521E0D3239A630600F4457B /* WWKApi.h */ = {isa = PBXFileReference; fileEncoding = 4; lastKnownFileType = sourcecode.c.h; path = WWKApi.h; sourceTree = "<group>"; };
		D521E0D4239A630600F4457B /* WWKApiObject.h */ = {isa = PBXFileReference; fileEncoding = 4; lastKnownFileType = sourcecode.c.h; path = WWKApiObject.h; sourceTree = "<group>"; };
		D521E0D6239A630600F4457B /* MPShareSDK.framework */ = {isa = PBXFileReference; lastKnownFileType = wrapper.framework; path = MPShareSDK.framework; sourceTree = "<group>"; };
		D521E0D8239A630600F4457B /* TencentOpenAPI.framework */ = {isa = PBXFileReference; lastKnownFileType = wrapper.framework; path = TencentOpenAPI.framework; sourceTree = "<group>"; };
		D521E0DA239A630600F4457B /* KakaoCommon.framework */ = {isa = PBXFileReference; lastKnownFileType = wrapper.framework; path = KakaoCommon.framework; sourceTree = "<group>"; };
		D521E0DB239A630600F4457B /* KakaoLink.framework */ = {isa = PBXFileReference; lastKnownFileType = wrapper.framework; path = KakaoLink.framework; sourceTree = "<group>"; };
		D521E0DC239A630600F4457B /* KakaoOpenSDK.framework */ = {isa = PBXFileReference; lastKnownFileType = wrapper.framework; path = KakaoOpenSDK.framework; sourceTree = "<group>"; };
		D521E0DE239A630600F4457B /* HTMLResource.bundle */ = {isa = PBXFileReference; lastKnownFileType = "wrapper.plug-in"; path = HTMLResource.bundle; sourceTree = "<group>"; };
		D521E0DF239A630600F4457B /* EAccountSDKArchive.framework */ = {isa = PBXFileReference; lastKnownFileType = wrapper.framework; path = EAccountSDKArchive.framework; sourceTree = "<group>"; };
		D521E0E1239A630600F4457B /* DTShareKit.framework */ = {isa = PBXFileReference; lastKnownFileType = wrapper.framework; path = DTShareKit.framework; sourceTree = "<group>"; };
		D521E0E3239A630600F4457B /* libYixinSDK.a */ = {isa = PBXFileReference; lastKnownFileType = archive.ar; path = libYixinSDK.a; sourceTree = "<group>"; };
		D521E0E4239A630600F4457B /* YXApiObject.h */ = {isa = PBXFileReference; fileEncoding = 4; lastKnownFileType = sourcecode.c.h; path = YXApiObject.h; sourceTree = "<group>"; };
		D521E0E5239A630700F4457B /* YXApi.h */ = {isa = PBXFileReference; fileEncoding = 4; lastKnownFileType = sourcecode.c.h; path = YXApi.h; sourceTree = "<group>"; };
		D521E0E7239A630700F4457B /* ShareSDKConnector.framework */ = {isa = PBXFileReference; lastKnownFileType = wrapper.framework; path = ShareSDKConnector.framework; sourceTree = "<group>"; };
		D521E0E8239A630700F4457B /* ShareSDK.bundle */ = {isa = PBXFileReference; lastKnownFileType = "wrapper.plug-in"; path = ShareSDK.bundle; sourceTree = "<group>"; };
		D521E0EA239A630700F4457B /* ShareSDKUI.bundle */ = {isa = PBXFileReference; lastKnownFileType = "wrapper.plug-in"; path = ShareSDKUI.bundle; sourceTree = "<group>"; };
		D521E0EB239A630700F4457B /* ShareSDKLink.framework */ = {isa = PBXFileReference; lastKnownFileType = wrapper.framework; path = ShareSDKLink.framework; sourceTree = "<group>"; };
		D521E0EC239A630700F4457B /* ShareSDKConfigFile.framework */ = {isa = PBXFileReference; lastKnownFileType = wrapper.framework; path = ShareSDKConfigFile.framework; sourceTree = "<group>"; };
		D521E0ED239A630700F4457B /* ShareSDKExtension.framework */ = {isa = PBXFileReference; lastKnownFileType = wrapper.framework; path = ShareSDKExtension.framework; sourceTree = "<group>"; };
		D521E0EE239A630700F4457B /* ShareSDKUI.framework */ = {isa = PBXFileReference; lastKnownFileType = wrapper.framework; path = ShareSDKUI.framework; sourceTree = "<group>"; };
		D521E0EF239A630700F4457B /* ShareSDKConfigFile.bundle */ = {isa = PBXFileReference; lastKnownFileType = "wrapper.plug-in"; path = ShareSDKConfigFile.bundle; sourceTree = "<group>"; };
		D521E0F1239A630700F4457B /* PrintConnector.framework */ = {isa = PBXFileReference; lastKnownFileType = wrapper.framework; path = PrintConnector.framework; sourceTree = "<group>"; };
		D521E0F2239A630700F4457B /* SMSConnector.framework */ = {isa = PBXFileReference; lastKnownFileType = wrapper.framework; path = SMSConnector.framework; sourceTree = "<group>"; };
		D521E0F3239A630700F4457B /* DropboxConnector.framework */ = {isa = PBXFileReference; lastKnownFileType = wrapper.framework; path = DropboxConnector.framework; sourceTree = "<group>"; };
		D521E0F4239A630700F4457B /* RedditConnector.framework */ = {isa = PBXFileReference; lastKnownFileType = wrapper.framework; path = RedditConnector.framework; sourceTree = "<group>"; };
		D521E0F5239A630700F4457B /* ESurfingConnector.framework */ = {isa = PBXFileReference; lastKnownFileType = wrapper.framework; path = ESurfingConnector.framework; sourceTree = "<group>"; };
		D521E0F6239A630700F4457B /* FacebookAccountConnector.framework */ = {isa = PBXFileReference; lastKnownFileType = wrapper.framework; path = FacebookAccountConnector.framework; sourceTree = "<group>"; };
		D521E0F7239A630700F4457B /* FacebookMessengerConnector.framework */ = {isa = PBXFileReference; lastKnownFileType = wrapper.framework; path = FacebookMessengerConnector.framework; sourceTree = "<group>"; };
		D521E0F8239A630700F4457B /* WhatsAppConnector.framework */ = {isa = PBXFileReference; lastKnownFileType = wrapper.framework; path = WhatsAppConnector.framework; sourceTree = "<group>"; };
		D521E0F9239A630700F4457B /* AppleAccountConnector.framework */ = {isa = PBXFileReference; lastKnownFileType = wrapper.framework; path = AppleAccountConnector.framework; sourceTree = "<group>"; };
		D521E0FA239A630700F4457B /* TelegramConnector.framework */ = {isa = PBXFileReference; lastKnownFileType = wrapper.framework; path = TelegramConnector.framework; sourceTree = "<group>"; };
		D521E0FB239A630700F4457B /* EasyChatConnector.framework */ = {isa = PBXFileReference; lastKnownFileType = wrapper.framework; path = EasyChatConnector.framework; sourceTree = "<group>"; };
		D521E0FC239A630700F4457B /* CMCCConnector.framework */ = {isa = PBXFileReference; lastKnownFileType = wrapper.framework; path = CMCCConnector.framework; sourceTree = "<group>"; };
		D521E0FD239A630700F4457B /* AliSocialConnector.framework */ = {isa = PBXFileReference; lastKnownFileType = wrapper.framework; path = AliSocialConnector.framework; sourceTree = "<group>"; };
		D521E0FE239A630700F4457B /* KaiXinConnector.framework */ = {isa = PBXFileReference; lastKnownFileType = wrapper.framework; path = KaiXinConnector.framework; sourceTree = "<group>"; };
		D521E0FF239A630700F4457B /* MailConnector.framework */ = {isa = PBXFileReference; lastKnownFileType = wrapper.framework; path = MailConnector.framework; sourceTree = "<group>"; };
		D521E100239A630700F4457B /* QQConnector.framework */ = {isa = PBXFileReference; lastKnownFileType = wrapper.framework; path = QQConnector.framework; sourceTree = "<group>"; };
		D521E101239A630700F4457B /* TumblrConnector.framework */ = {isa = PBXFileReference; lastKnownFileType = wrapper.framework; path = TumblrConnector.framework; sourceTree = "<group>"; };
		D521E102239A630700F4457B /* VKontakteConnector.framework */ = {isa = PBXFileReference; lastKnownFileType = wrapper.framework; path = VKontakteConnector.framework; sourceTree = "<group>"; };
		D521E103239A630700F4457B /* PocketConnector.framework */ = {isa = PBXFileReference; lastKnownFileType = wrapper.framework; path = PocketConnector.framework; sourceTree = "<group>"; };
		D521E104239A630700F4457B /* MingDaoConnector.framework */ = {isa = PBXFileReference; lastKnownFileType = wrapper.framework; path = MingDaoConnector.framework; sourceTree = "<group>"; };
		D521E105239A630700F4457B /* GooglePlusConnector.framework */ = {isa = PBXFileReference; lastKnownFileType = wrapper.framework; path = GooglePlusConnector.framework; sourceTree = "<group>"; };
		D521E106239A630700F4457B /* TencentWeiboConnector.framework */ = {isa = PBXFileReference; lastKnownFileType = wrapper.framework; path = TencentWeiboConnector.framework; sourceTree = "<group>"; };
		D521E107239A630700F4457B /* LineConnector.framework */ = {isa = PBXFileReference; lastKnownFileType = wrapper.framework; path = LineConnector.framework; sourceTree = "<group>"; };
		D521E108239A630700F4457B /* MeiPaiConnector.framework */ = {isa = PBXFileReference; lastKnownFileType = wrapper.framework; path = MeiPaiConnector.framework; sourceTree = "<group>"; };
		D521E109239A630700F4457B /* DouyinConnector.framework */ = {isa = PBXFileReference; lastKnownFileType = wrapper.framework; path = DouyinConnector.framework; sourceTree = "<group>"; };
		D521E10A239A630700F4457B /* CopyConnector.framework */ = {isa = PBXFileReference; lastKnownFileType = wrapper.framework; path = CopyConnector.framework; sourceTree = "<group>"; };
		D521E10B239A630700F4457B /* EvernoteConnector.framework */ = {isa = PBXFileReference; lastKnownFileType = wrapper.framework; path = EvernoteConnector.framework; sourceTree = "<group>"; };
		D521E10C239A630700F4457B /* InstapaperConnector.framework */ = {isa = PBXFileReference; lastKnownFileType = wrapper.framework; path = InstapaperConnector.framework; sourceTree = "<group>"; };
		D521E10D239A630700F4457B /* LinkedInConnector.framework */ = {isa = PBXFileReference; lastKnownFileType = wrapper.framework; path = LinkedInConnector.framework; sourceTree = "<group>"; };
		D521E10E239A630700F4457B /* FlickrConnector.framework */ = {isa = PBXFileReference; lastKnownFileType = wrapper.framework; path = FlickrConnector.framework; sourceTree = "<group>"; };
		D521E10F239A630700F4457B /* DingTalkConnector.framework */ = {isa = PBXFileReference; lastKnownFileType = wrapper.framework; path = DingTalkConnector.framework; sourceTree = "<group>"; };
		D521E110239A630700F4457B /* YouTubeConnector.framework */ = {isa = PBXFileReference; lastKnownFileType = wrapper.framework; path = YouTubeConnector.framework; sourceTree = "<group>"; };
		D521E111239A630700F4457B /* TwitterConnector.framework */ = {isa = PBXFileReference; lastKnownFileType = wrapper.framework; path = TwitterConnector.framework; sourceTree = "<group>"; };
		D521E112239A630700F4457B /* FacebookConnector.framework */ = {isa = PBXFileReference; lastKnownFileType = wrapper.framework; path = FacebookConnector.framework; sourceTree = "<group>"; };
		D521E113239A630700F4457B /* WechatConnector.framework */ = {isa = PBXFileReference; lastKnownFileType = wrapper.framework; path = WechatConnector.framework; sourceTree = "<group>"; };
		D521E114239A630700F4457B /* YouDaoNoteConnector.framework */ = {isa = PBXFileReference; lastKnownFileType = wrapper.framework; path = YouDaoNoteConnector.framework; sourceTree = "<group>"; };
		D521E115239A630700F4457B /* RenrenConnector.framework */ = {isa = PBXFileReference; lastKnownFileType = wrapper.framework; path = RenrenConnector.framework; sourceTree = "<group>"; };
		D521E116239A630700F4457B /* PinterestConnector.framework */ = {isa = PBXFileReference; lastKnownFileType = wrapper.framework; path = PinterestConnector.framework; sourceTree = "<group>"; };
		D521E117239A630700F4457B /* InstagramConnector.framework */ = {isa = PBXFileReference; lastKnownFileType = wrapper.framework; path = InstagramConnector.framework; sourceTree = "<group>"; };
		D521E118239A630700F4457B /* KakaoConnector.framework */ = {isa = PBXFileReference; lastKnownFileType = wrapper.framework; path = KakaoConnector.framework; sourceTree = "<group>"; };
		D521E119239A630700F4457B /* SinaWeiboConnector.framework */ = {isa = PBXFileReference; lastKnownFileType = wrapper.framework; path = SinaWeiboConnector.framework; sourceTree = "<group>"; };
		D521E11A239A630700F4457B /* WeworkConnector.framework */ = {isa = PBXFileReference; lastKnownFileType = wrapper.framework; path = WeworkConnector.framework; sourceTree = "<group>"; };
		D521E11B239A630700F4457B /* DouBanConnector.framework */ = {isa = PBXFileReference; lastKnownFileType = wrapper.framework; path = DouBanConnector.framework; sourceTree = "<group>"; };
		D521E11C239A630700F4457B /* ShareSDK.framework */ = {isa = PBXFileReference; lastKnownFileType = wrapper.framework; path = ShareSDK.framework; sourceTree = "<group>"; };
		D6B0611A1803AB670077942B /* CoreMotion.framework */ = {isa = PBXFileReference; lastKnownFileType = wrapper.framework; name = CoreMotion.framework; path = Platforms/iPhoneOS.platform/Developer/SDKs/iPhoneOS7.0.sdk/System/Library/Frameworks/CoreMotion.framework; sourceTree = DEVELOPER_DIR; };
		DE5977D51C294E0F007238D8 /* libicucore.dylib */ = {isa = PBXFileReference; lastKnownFileType = "compiled.mach-o.dylib"; name = libicucore.dylib; path = Platforms/iPhoneOS.platform/Developer/SDKs/iPhoneOS8.4.sdk/usr/lib/libicucore.dylib; sourceTree = DEVELOPER_DIR; };
		DE5977D71C294E14007238D8 /* libz.dylib */ = {isa = PBXFileReference; lastKnownFileType = "compiled.mach-o.dylib"; name = libz.dylib; path = Platforms/iPhoneOS.platform/Developer/SDKs/iPhoneOS8.4.sdk/usr/lib/libz.dylib; sourceTree = DEVELOPER_DIR; };
		DE5977D91C294E1D007238D8 /* libstdc++.dylib */ = {isa = PBXFileReference; lastKnownFileType = "compiled.mach-o.dylib"; name = "libstdc++.dylib"; path = "Platforms/iPhoneOS.platform/Developer/SDKs/iPhoneOS8.4.sdk/usr/lib/libstdc++.dylib"; sourceTree = DEVELOPER_DIR; };
		DE5977DB1C294E24007238D8 /* JavaScriptCore.framework */ = {isa = PBXFileReference; lastKnownFileType = wrapper.framework; name = JavaScriptCore.framework; path = Platforms/iPhoneOS.platform/Developer/SDKs/iPhoneOS8.4.sdk/System/Library/Frameworks/JavaScriptCore.framework; sourceTree = DEVELOPER_DIR; };
		DE5977DD1C294E2C007238D8 /* ImageIO.framework */ = {isa = PBXFileReference; lastKnownFileType = wrapper.framework; name = ImageIO.framework; path = Platforms/iPhoneOS.platform/Developer/SDKs/iPhoneOS8.4.sdk/System/Library/Frameworks/ImageIO.framework; sourceTree = DEVELOPER_DIR; };
		DE5977DF1C294E32007238D8 /* AdSupport.framework */ = {isa = PBXFileReference; lastKnownFileType = wrapper.framework; name = AdSupport.framework; path = Platforms/iPhoneOS.platform/Developer/SDKs/iPhoneOS8.4.sdk/System/Library/Frameworks/AdSupport.framework; sourceTree = DEVELOPER_DIR; };
		DE5977E11C294E3A007238D8 /* libsqlite3.dylib */ = {isa = PBXFileReference; lastKnownFileType = "compiled.mach-o.dylib"; name = libsqlite3.dylib; path = Platforms/iPhoneOS.platform/Developer/SDKs/iPhoneOS8.4.sdk/usr/lib/libsqlite3.dylib; sourceTree = DEVELOPER_DIR; };
		DE5977E31C294E46007238D8 /* MessageUI.framework */ = {isa = PBXFileReference; lastKnownFileType = wrapper.framework; name = MessageUI.framework; path = Platforms/iPhoneOS.platform/Developer/SDKs/iPhoneOS8.4.sdk/System/Library/Frameworks/MessageUI.framework; sourceTree = DEVELOPER_DIR; };
		DE5977E51C294E50007238D8 /* CoreMotion.framework */ = {isa = PBXFileReference; lastKnownFileType = wrapper.framework; name = CoreMotion.framework; path = Platforms/iPhoneOS.platform/Developer/SDKs/iPhoneOS8.4.sdk/System/Library/Frameworks/CoreMotion.framework; sourceTree = DEVELOPER_DIR; };
		DE5977E71C294E58007238D8 /* CoreLocation.framework */ = {isa = PBXFileReference; lastKnownFileType = wrapper.framework; name = CoreLocation.framework; path = Platforms/iPhoneOS.platform/Developer/SDKs/iPhoneOS8.4.sdk/System/Library/Frameworks/CoreLocation.framework; sourceTree = DEVELOPER_DIR; };
		DE5977E91C294E65007238D8 /* MediaPlayer.framework */ = {isa = PBXFileReference; lastKnownFileType = wrapper.framework; name = MediaPlayer.framework; path = Platforms/iPhoneOS.platform/Developer/SDKs/iPhoneOS8.4.sdk/System/Library/Frameworks/MediaPlayer.framework; sourceTree = DEVELOPER_DIR; };
		DE5977EB1C294E6A007238D8 /* AssetsLibrary.framework */ = {isa = PBXFileReference; lastKnownFileType = wrapper.framework; name = AssetsLibrary.framework; path = Platforms/iPhoneOS.platform/Developer/SDKs/iPhoneOS8.4.sdk/System/Library/Frameworks/AssetsLibrary.framework; sourceTree = DEVELOPER_DIR; };
		DE5977ED1C294E76007238D8 /* AddressBook.framework */ = {isa = PBXFileReference; lastKnownFileType = wrapper.framework; name = AddressBook.framework; path = Platforms/iPhoneOS.platform/Developer/SDKs/iPhoneOS8.4.sdk/System/Library/Frameworks/AddressBook.framework; sourceTree = DEVELOPER_DIR; };
		DED9EDD51C294D7100183B2F /* C2DXShareSDK.cpp */ = {isa = PBXFileReference; fileEncoding = 4; lastKnownFileType = sourcecode.cpp.cpp; path = C2DXShareSDK.cpp; sourceTree = "<group>"; };
		DED9EDD61C294D7100183B2F /* C2DXShareSDK.h */ = {isa = PBXFileReference; fileEncoding = 4; lastKnownFileType = sourcecode.c.h; path = C2DXShareSDK.h; sourceTree = "<group>"; };
		DED9EDD71C294D7100183B2F /* C2DXShareSDKTypeDef.h */ = {isa = PBXFileReference; fileEncoding = 4; lastKnownFileType = sourcecode.c.h; path = C2DXShareSDKTypeDef.h; sourceTree = "<group>"; };
		DED9EDD91C294D7100183B2F /* C2DXiOSShareSDK.h */ = {isa = PBXFileReference; fileEncoding = 4; lastKnownFileType = sourcecode.c.h; path = C2DXiOSShareSDK.h; sourceTree = "<group>"; };
		DED9EDDA1C294D7100183B2F /* C2DXiOSShareSDK.mm */ = {isa = PBXFileReference; fileEncoding = 4; lastKnownFileType = sourcecode.cpp.objcpp; path = C2DXiOSShareSDK.mm; sourceTree = "<group>"; };
		DED9EDE01C294DD900183B2F /* libicucore.tbd */ = {isa = PBXFileReference; lastKnownFileType = "sourcecode.text-based-dylib-definition"; name = libicucore.tbd; path = Platforms/iPhoneOS.platform/Developer/SDKs/iPhoneOS9.1.sdk/usr/lib/libicucore.tbd; sourceTree = DEVELOPER_DIR; };
		DED9EDF01C294FB200183B2F /* GameController.framework */ = {isa = PBXFileReference; lastKnownFileType = wrapper.framework; name = GameController.framework; path = Platforms/iPhoneOS.platform/Developer/SDKs/iPhoneOS9.1.sdk/System/Library/Frameworks/GameController.framework; sourceTree = DEVELOPER_DIR; };
		ED545A7B1B68A1F400C3958E /* libiconv.dylib */ = {isa = PBXFileReference; lastKnownFileType = "compiled.mach-o.dylib"; name = libiconv.dylib; path = Platforms/iPhoneOS.platform/Developer/SDKs/iPhoneOS8.4.sdk/usr/lib/libiconv.dylib; sourceTree = DEVELOPER_DIR; };
		ED545A7D1B68A1FA00C3958E /* libiconv.dylib */ = {isa = PBXFileReference; lastKnownFileType = "compiled.mach-o.dylib"; name = libiconv.dylib; path = usr/lib/libiconv.dylib; sourceTree = SDKROOT; };
/* End PBXFileReference section */

/* Begin PBXFrameworksBuildPhase section */
		1D60588F0D05DD3D006BFB54 /* Frameworks */ = {
			isa = PBXFrameworksBuildPhase;
			buildActionMask = 2147483647;
			files = (
				D521E147239A630700F4457B /* TelegramConnector.framework in Frameworks */,
				D521E168239A630700F4457B /* DouBanConnector.framework in Frameworks */,
				D521E14C239A630700F4457B /* MailConnector.framework in Frameworks */,
				D521E14D239A630700F4457B /* QQConnector.framework in Frameworks */,
				504A5E6C215C708E00A8362F /* libiconv.tbd in Frameworks */,
				504A5E6A215C706000A8362F /* libc++.tbd in Frameworks */,
				D521E134239A630700F4457B /* DTShareKit.framework in Frameworks */,
				D521E150239A630700F4457B /* PocketConnector.framework in Frameworks */,
				D521E129239A630700F4457B /* TYRZSDK.framework in Frameworks */,
				D521E161239A630700F4457B /* YouDaoNoteConnector.framework in Frameworks */,
				DED9EDF11C294FB200183B2F /* GameController.framework in Frameworks */,
				DE5977EE1C294E76007238D8 /* AddressBook.framework in Frameworks */,
				D521E158239A630700F4457B /* EvernoteConnector.framework in Frameworks */,
				D521E141239A630700F4457B /* RedditConnector.framework in Frameworks */,
				D521E14B239A630700F4457B /* KaiXinConnector.framework in Frameworks */,
				DE5977EC1C294E6A007238D8 /* AssetsLibrary.framework in Frameworks */,
				D521E163239A630700F4457B /* PinterestConnector.framework in Frameworks */,
				D521E140239A630700F4457B /* DropboxConnector.framework in Frameworks */,
				D521E136239A630700F4457B /* ShareSDKConnector.framework in Frameworks */,
				D521E15C239A630700F4457B /* DingTalkConnector.framework in Frameworks */,
				D521E131239A630700F4457B /* KakaoOpenSDK.framework in Frameworks */,
				DE5977EA1C294E65007238D8 /* MediaPlayer.framework in Frameworks */,
				DE5977E81C294E58007238D8 /* CoreLocation.framework in Frameworks */,
				D521E135239A630700F4457B /* libYixinSDK.a in Frameworks */,
				DE5977E61C294E50007238D8 /* CoreMotion.framework in Frameworks */,
				D521E121239A630700F4457B /* libWeiboSDK.a in Frameworks */,
				D521E15A239A630700F4457B /* LinkedInConnector.framework in Frameworks */,
				D521E12B239A630700F4457B /* LineSDK.framework in Frameworks */,
				D521E156239A630700F4457B /* DouyinConnector.framework in Frameworks */,
				DE5977E41C294E46007238D8 /* MessageUI.framework in Frameworks */,
				D521E130239A630700F4457B /* KakaoLink.framework in Frameworks */,
				D521E151239A630700F4457B /* MingDaoConnector.framework in Frameworks */,
				DE5977E21C294E3A007238D8 /* libsqlite3.dylib in Frameworks */,
				D521E13C239A630700F4457B /* ShareSDKUI.framework in Frameworks */,
				DE5977E01C294E32007238D8 /* AdSupport.framework in Frameworks */,
				D521E166239A630700F4457B /* SinaWeiboConnector.framework in Frameworks */,
				DE5977DE1C294E2C007238D8 /* ImageIO.framework in Frameworks */,
				D521E162239A630700F4457B /* RenrenConnector.framework in Frameworks */,
				D521E159239A630700F4457B /* InstapaperConnector.framework in Frameworks */,
				DE5977DC1C294E24007238D8 /* JavaScriptCore.framework in Frameworks */,
				DE5977D81C294E15007238D8 /* libz.dylib in Frameworks */,
				D521E13F239A630700F4457B /* SMSConnector.framework in Frameworks */,
				52B47A471A53D09C004E4C60 /* Security.framework in Frameworks */,
				D521E15D239A630700F4457B /* YouTubeConnector.framework in Frameworks */,
				D521E122239A630700F4457B /* TikTokOpenPlatformSDK.framework in Frameworks */,
				D521E15E239A630700F4457B /* TwitterConnector.framework in Frameworks */,
				1AC6FB30180E99EB004C840B /* libcocos2d iOS.a in Frameworks */,
				D521E12D239A630700F4457B /* MPShareSDK.framework in Frameworks */,
				D521E15B239A630700F4457B /* FlickrConnector.framework in Frameworks */,
				D521E143239A630700F4457B /* FacebookAccountConnector.framework in Frameworks */,
				D521E124239A630700F4457B /* libWeChatSDK.a in Frameworks */,
				D6B0611B1803AB670077942B /* CoreMotion.framework in Frameworks */,
				D521E14A239A630700F4457B /* AliSocialConnector.framework in Frameworks */,
				1D60589F0D05DD5A006BFB54 /* Foundation.framework in Frameworks */,
				D521E157239A630700F4457B /* CopyConnector.framework in Frameworks */,
				1DF5F4E00D08C38300B7A737 /* UIKit.framework in Frameworks */,
				D521E14E239A630700F4457B /* TumblrConnector.framework in Frameworks */,
				288765A50DF7441C002DB57D /* CoreGraphics.framework in Frameworks */,
				D521E15F239A630700F4457B /* FacebookConnector.framework in Frameworks */,
				D521E139239A630700F4457B /* ShareSDKLink.framework in Frameworks */,
				BF171245129291EC00B8313A /* OpenGLES.framework in Frameworks */,
				D521E12E239A630700F4457B /* TencentOpenAPI.framework in Frameworks */,
				D521E148239A630700F4457B /* EasyChatConnector.framework in Frameworks */,
				D521E128239A630700F4457B /* AccountKit.framework in Frameworks */,
				BF1712471292920000B8313A /* libz.dylib in Frameworks */,
				D521E13A239A630700F4457B /* ShareSDKConfigFile.framework in Frameworks */,
				D521E153239A630700F4457B /* TencentWeiboConnector.framework in Frameworks */,
				D521E164239A630700F4457B /* InstagramConnector.framework in Frameworks */,
				D521E152239A630700F4457B /* GooglePlusConnector.framework in Frameworks */,
				D521E125239A630700F4457B /* libAPOpenSdk.a in Frameworks */,
				D521E160239A630700F4457B /* WechatConnector.framework in Frameworks */,
				D521E165239A630700F4457B /* KakaoConnector.framework in Frameworks */,
				D521E169239A630700F4457B /* ShareSDK.framework in Frameworks */,
				D521E12F239A630700F4457B /* KakaoCommon.framework in Frameworks */,
				D521E149239A630700F4457B /* CMCCConnector.framework in Frameworks */,
				D521E11F239A630700F4457B /* RennSDK.framework in Frameworks */,
				BF1C47F01293687400B63C5D /* QuartzCore.framework in Frameworks */,
				D521E144239A630700F4457B /* FacebookMessengerConnector.framework in Frameworks */,
				D521E13B239A630700F4457B /* ShareSDKExtension.framework in Frameworks */,
				D521E167239A630700F4457B /* WeworkConnector.framework in Frameworks */,
				D44C620C132DFF330009C878 /* OpenAL.framework in Frameworks */,
				D521E13E239A630700F4457B /* PrintConnector.framework in Frameworks */,
				D521E154239A630700F4457B /* LineConnector.framework in Frameworks */,
				D521E12C239A630700F4457B /* libWXWorkApi.a in Frameworks */,
				D521E142239A630700F4457B /* ESurfingConnector.framework in Frameworks */,
				D521E11D239A630700F4457B /* MOBFoundation.framework in Frameworks */,
				D521E155239A630700F4457B /* MeiPaiConnector.framework in Frameworks */,
				D44C620E132DFF430009C878 /* AVFoundation.framework in Frameworks */,
				D521E133239A630700F4457B /* EAccountSDKArchive.framework in Frameworks */,
				D521E146239A630700F4457B /* AppleAccountConnector.framework in Frameworks */,
				D521E145239A630700F4457B /* WhatsAppConnector.framework in Frameworks */,
				D44C6210132DFF4E0009C878 /* AudioToolbox.framework in Frameworks */,
				D521E14F239A630700F4457B /* VKontakteConnector.framework in Frameworks */,
			);
			runOnlyForDeploymentPostprocessing = 0;
		};
/* End PBXFrameworksBuildPhase section */

/* Begin PBXGroup section */
		080E96DDFE201D6D7F000001 /* ios */ = {
			isa = PBXGroup;
			children = (
				5087E77117EB970100C73F5D /* Icons */,
				503AE0FA17EB989F00D1A890 /* AppController.h */,
				503AE0FB17EB989F00D1A890 /* AppController.mm */,
				503AE0FC17EB989F00D1A890 /* main.m */,
				503AE0FD17EB989F00D1A890 /* Prefix.pch */,
				503AE0FE17EB989F00D1A890 /* RootViewController.h */,
				503AE0FF17EB989F00D1A890 /* RootViewController.mm */,
			);
			name = ios;
			path = Classes;
			sourceTree = "<group>";
		};
		19C28FACFE9D520D11CA2CBB /* Products */ = {
			isa = PBXGroup;
			children = (
				1D6058910D05DD3D006BFB54 /* iOSShareSDKForCocos2DX-mobile.app */,
			);
			name = Products;
			sourceTree = "<group>";
		};
		1AC6FAE6180E9839004C840B /* Products */ = {
			isa = PBXGroup;
			children = (
				1AC6FAF9180E9839004C840B /* libcocos2d Mac.a */,
				1AC6FB07180E9839004C840B /* libcocos2d iOS.a */,
			);
			name = Products;
			sourceTree = "<group>";
		};
		29B97314FDCFA39411CA2CEA /* CustomTemplate */ = {
			isa = PBXGroup;
			children = (
				0B789DFC235D93FA002FEDF3 /* iOSShareSDKForCocos2DX-mobile.entitlements */,
				46880B8319C43A87006E1F66 /* Classes */,
				46880B7519C43A67006E1F66 /* Resources */,
				1AC6FAE5180E9839004C840B /* cocos2d_libs.xcodeproj */,
				29B97323FDCFA39411CA2CEA /* Frameworks */,
				080E96DDFE201D6D7F000001 /* ios */,
				503AE10617EB990700D1A890 /* mac */,
				19C28FACFE9D520D11CA2CBB /* Products */,
			);
			name = CustomTemplate;
			sourceTree = "<group>";
		};
		29B97323FDCFA39411CA2CEA /* Frameworks */ = {
			isa = PBXGroup;
			children = (
				504A5E6B215C708E00A8362F /* libiconv.tbd */,
				504A5E69215C706000A8362F /* libc++.tbd */,
				DED9EDF01C294FB200183B2F /* GameController.framework */,
				DE5977ED1C294E76007238D8 /* AddressBook.framework */,
				DE5977EB1C294E6A007238D8 /* AssetsLibrary.framework */,
				DE5977E91C294E65007238D8 /* MediaPlayer.framework */,
				DE5977E71C294E58007238D8 /* CoreLocation.framework */,
				DE5977E51C294E50007238D8 /* CoreMotion.framework */,
				DE5977E31C294E46007238D8 /* MessageUI.framework */,
				DE5977E11C294E3A007238D8 /* libsqlite3.dylib */,
				DE5977DF1C294E32007238D8 /* AdSupport.framework */,
				DE5977DD1C294E2C007238D8 /* ImageIO.framework */,
				DE5977DB1C294E24007238D8 /* JavaScriptCore.framework */,
				DE5977D91C294E1D007238D8 /* libstdc++.dylib */,
				DE5977D71C294E14007238D8 /* libz.dylib */,
				DE5977D51C294E0F007238D8 /* libicucore.dylib */,
				DED9EDE01C294DD900183B2F /* libicucore.tbd */,
				ED545A7D1B68A1FA00C3958E /* libiconv.dylib */,
				ED545A7B1B68A1F400C3958E /* libiconv.dylib */,
				8262943D1AAF051F00CB7CF7 /* Security.framework */,
				52B47A461A53D09B004E4C60 /* Security.framework */,
				D6B0611A1803AB670077942B /* CoreMotion.framework */,
				503AE11A17EB9C5A00D1A890 /* IOKit.framework */,
				503AE11117EB99EE00D1A890 /* libcurl.dylib */,
				5087E78A17EB975400C73F5D /* OpenGL.framework */,
				5087E78817EB974C00C73F5D /* AppKit.framework */,
				1ACB3243164770DE00914215 /* libcurl.a */,
				BF170DB412928DE900B8313A /* libz.dylib */,
				D44C620F132DFF4E0009C878 /* AudioToolbox.framework */,
				D44C620D132DFF430009C878 /* AVFoundation.framework */,
				288765A40DF7441C002DB57D /* CoreGraphics.framework */,
				1D30AB110D05D00D00671497 /* Foundation.framework */,
				D44C620B132DFF330009C878 /* OpenAL.framework */,
				BF170DB012928DE900B8313A /* OpenGLES.framework */,
				BF1C47EA1293683800B63C5D /* QuartzCore.framework */,
				1DF5F4DF0D08C38300B7A737 /* UIKit.framework */,
			);
			name = Frameworks;
			sourceTree = "<group>";
		};
		46880B7519C43A67006E1F66 /* Resources */ = {
			isa = PBXGroup;
			children = (
				521A8EA819F11F5000D177D7 /* fonts */,
				3EACC98E19EE6D4300EB3C5E /* res */,
				46880B7619C43A67006E1F66 /* CloseNormal.png */,
				46880B7719C43A67006E1F66 /* CloseSelected.png */,
				46880B7A19C43A67006E1F66 /* HelloWorld.png */,
			);
			name = Resources;
			path = ../Resources;
			sourceTree = "<group>";
		};
		46880B8319C43A87006E1F66 /* Classes */ = {
			isa = PBXGroup;
			children = (
				50B3E222215C6BA700F9D41E /* SDK */,
				DED9EDCA1C294D7100183B2F /* C2DXShareSDK */,
				46880B8519C43A87006E1F66 /* AppDelegate.h */,
				46880B8419C43A87006E1F66 /* AppDelegate.cpp */,
				46880B8719C43A87006E1F66 /* HelloWorldScene.h */,
				46880B8619C43A87006E1F66 /* HelloWorldScene.cpp */,
			);
			name = Classes;
			path = ../Classes;
			sourceTree = "<group>";
		};
		503AE0F517EB97AB00D1A890 /* Icons */ = {
			isa = PBXGroup;
			children = (
				503AE0F617EB97AB00D1A890 /* Icon.icns */,
				503AE0F717EB97AB00D1A890 /* Info.plist */,
			);
			name = Icons;
			path = mac;
			sourceTree = SOURCE_ROOT;
		};
		503AE10617EB990700D1A890 /* mac */ = {
			isa = PBXGroup;
			children = (
				503AE0F517EB97AB00D1A890 /* Icons */,
				503AE10317EB98FF00D1A890 /* main.cpp */,
				503AE10417EB98FF00D1A890 /* Prefix.pch */,
			);
			name = mac;
			sourceTree = "<group>";
		};
		5087E77117EB970100C73F5D /* Icons */ = {
			isa = PBXGroup;
			children = (
				521A8E6219F0C34300D177D7 /* Default-667h@2x.png */,
				521A8E6319F0C34300D177D7 /* Default-736h@3x.png */,
				5087E77217EB970100C73F5D /* Default-568h@2x.png */,
				5087E77317EB970100C73F5D /* Default.png */,
				5087E77417EB970100C73F5D /* Default@2x.png */,
				50EF62A017ECD613001EB2F8 /* Icon-29.png */,
				50EF62A117ECD613001EB2F8 /* Icon-50.png */,
				50EF629217ECD46A001EB2F8 /* Icon-40.png */,
				50EF629317ECD46A001EB2F8 /* Icon-58.png */,
				50EF629417ECD46A001EB2F8 /* Icon-80.png */,
				50EF629517ECD46A001EB2F8 /* Icon-100.png */,
				5087E77517EB970100C73F5D /* Icon-114.png */,
				5087E77617EB970100C73F5D /* Icon-120.png */,
				5087E77717EB970100C73F5D /* Icon-144.png */,
				5087E77817EB970100C73F5D /* Icon-152.png */,
				5087E77917EB970100C73F5D /* Icon-57.png */,
				5087E77A17EB970100C73F5D /* Icon-72.png */,
				5087E77B17EB970100C73F5D /* Icon-76.png */,
				5087E77C17EB970100C73F5D /* Info.plist */,
			);
			name = Icons;
			path = ios;
			sourceTree = SOURCE_ROOT;
		};
		50B3E222215C6BA700F9D41E /* SDK */ = {
			isa = PBXGroup;
			children = (
				D521E0AF239A630600F4457B /* Required */,
				D521E0B1239A630600F4457B /* ShareSDK */,
			);
			path = SDK;
			sourceTree = SOURCE_ROOT;
		};
		D521E0AF239A630600F4457B /* Required */ = {
			isa = PBXGroup;
			children = (
				D521E0B0239A630600F4457B /* MOBFoundation.framework */,
			);
			path = Required;
			sourceTree = "<group>";
		};
		D521E0B1239A630600F4457B /* ShareSDK */ = {
			isa = PBXGroup;
			children = (
				D521E0B2239A630600F4457B /* Support */,
				D521E11C239A630700F4457B /* ShareSDK.framework */,
			);
			path = ShareSDK;
			sourceTree = "<group>";
		};
		D521E0B2239A630600F4457B /* Support */ = {
			isa = PBXGroup;
			children = (
				D521E0B3239A630600F4457B /* PlatformSDK */,
				D521E0E6239A630700F4457B /* Required */,
				D521E0E9239A630700F4457B /* Optional */,
				D521E0F0239A630700F4457B /* PlatformConnector */,
			);
			path = Support;
			sourceTree = "<group>";
		};
		D521E0B3239A630600F4457B /* PlatformSDK */ = {
			isa = PBXGroup;
			children = (
				D521E0B4239A630600F4457B /* RenRenSDK */,
				D521E0B7239A630600F4457B /* SinaWeiboSDK */,
				D521E0BC239A630600F4457B /* DouyinOpenSDK */,
				D521E0BE239A630600F4457B /* WeChatSDK */,
				D521E0C4239A630600F4457B /* APSocialSDK */,
				D521E0C9239A630600F4457B /* FacebookAccountSDK */,
				D521E0CC239A630600F4457B /* CMCCSDK */,
				D521E0CF239A630600F4457B /* LineSDK */,
				D521E0D1239A630600F4457B /* WXWorkSDK */,
				D521E0D5239A630600F4457B /* MPShareSDK */,
				D521E0D7239A630600F4457B /* QQSDK */,
				D521E0D9239A630600F4457B /* KaKaoSDK */,
				D521E0DD239A630600F4457B /* ESurfingSDK */,
				D521E0E0239A630600F4457B /* DingTalkSDK */,
				D521E0E2239A630600F4457B /* YiXinSDK */,
			);
			path = PlatformSDK;
			sourceTree = "<group>";
		};
		D521E0B4239A630600F4457B /* RenRenSDK */ = {
			isa = PBXGroup;
			children = (
				D521E0B5239A630600F4457B /* RennSDK.bundle */,
				D521E0B6239A630600F4457B /* RennSDK.framework */,
			);
			path = RenRenSDK;
			sourceTree = "<group>";
		};
		D521E0B7239A630600F4457B /* SinaWeiboSDK */ = {
			isa = PBXGroup;
			children = (
				D521E0B8239A630600F4457B /* WeiboSDK.bundle */,
				D521E0B9239A630600F4457B /* libWeiboSDK.a */,
				D521E0BA239A630600F4457B /* WBHttpRequest.h */,
				D521E0BB239A630600F4457B /* WeiboSDK.h */,
			);
			path = SinaWeiboSDK;
			sourceTree = "<group>";
		};
		D521E0BC239A630600F4457B /* DouyinOpenSDK */ = {
			isa = PBXGroup;
			children = (
				D521E0BD239A630600F4457B /* TikTokOpenPlatformSDK.framework */,
			);
			path = DouyinOpenSDK;
			sourceTree = "<group>";
		};
		D521E0BE239A630600F4457B /* WeChatSDK */ = {
			isa = PBXGroup;
			children = (
				D521E0BF239A630600F4457B /* WXApi.h */,
				D521E0C0239A630600F4457B /* WXApiObject.h */,
				D521E0C1239A630600F4457B /* README.txt */,
				D521E0C2239A630600F4457B /* WechatAuthSDK.h */,
				D521E0C3239A630600F4457B /* libWeChatSDK.a */,
			);
			path = WeChatSDK;
			sourceTree = "<group>";
		};
		D521E0C4239A630600F4457B /* APSocialSDK */ = {
			isa = PBXGroup;
			children = (
				D521E0C5239A630600F4457B /* libAPOpenSdk.a */,
				D521E0C6239A630600F4457B /* README.md */,
				D521E0C7239A630600F4457B /* APOpenAPIObject.h */,
				D521E0C8239A630600F4457B /* APOpenAPI.h */,
			);
			path = APSocialSDK;
			sourceTree = "<group>";
		};
		D521E0C9239A630600F4457B /* FacebookAccountSDK */ = {
			isa = PBXGroup;
			children = (
				D521E0CA239A630600F4457B /* AccountKitStrings.bundle */,
				D521E0CB239A630600F4457B /* AccountKit.framework */,
			);
			path = FacebookAccountSDK;
			sourceTree = "<group>";
		};
		D521E0CC239A630600F4457B /* CMCCSDK */ = {
			isa = PBXGroup;
			children = (
				D521E0CD239A630600F4457B /* TYRZSDK.framework */,
				D521E0CE239A630600F4457B /* Resource.bundle */,
			);
			path = CMCCSDK;
			sourceTree = "<group>";
		};
		D521E0CF239A630600F4457B /* LineSDK */ = {
			isa = PBXGroup;
			children = (
				D521E0D0239A630600F4457B /* LineSDK.framework */,
			);
			path = LineSDK;
			sourceTree = "<group>";
		};
		D521E0D1239A630600F4457B /* WXWorkSDK */ = {
			isa = PBXGroup;
			children = (
				D521E0D2239A630600F4457B /* libWXWorkApi.a */,
				D521E0D3239A630600F4457B /* WWKApi.h */,
				D521E0D4239A630600F4457B /* WWKApiObject.h */,
			);
			path = WXWorkSDK;
			sourceTree = "<group>";
		};
		D521E0D5239A630600F4457B /* MPShareSDK */ = {
			isa = PBXGroup;
			children = (
				D521E0D6239A630600F4457B /* MPShareSDK.framework */,
			);
			path = MPShareSDK;
			sourceTree = "<group>";
		};
		D521E0D7239A630600F4457B /* QQSDK */ = {
			isa = PBXGroup;
			children = (
				D521E0D8239A630600F4457B /* TencentOpenAPI.framework */,
			);
			path = QQSDK;
			sourceTree = "<group>";
		};
		D521E0D9239A630600F4457B /* KaKaoSDK */ = {
			isa = PBXGroup;
			children = (
				D521E0DA239A630600F4457B /* KakaoCommon.framework */,
				D521E0DB239A630600F4457B /* KakaoLink.framework */,
				D521E0DC239A630600F4457B /* KakaoOpenSDK.framework */,
			);
			path = KaKaoSDK;
			sourceTree = "<group>";
		};
		D521E0DD239A630600F4457B /* ESurfingSDK */ = {
			isa = PBXGroup;
			children = (
				D521E0DE239A630600F4457B /* HTMLResource.bundle */,
				D521E0DF239A630600F4457B /* EAccountSDKArchive.framework */,
			);
			path = ESurfingSDK;
			sourceTree = "<group>";
		};
		D521E0E0239A630600F4457B /* DingTalkSDK */ = {
			isa = PBXGroup;
			children = (
				D521E0E1239A630600F4457B /* DTShareKit.framework */,
			);
			path = DingTalkSDK;
			sourceTree = "<group>";
		};
		D521E0E2239A630600F4457B /* YiXinSDK */ = {
			isa = PBXGroup;
			children = (
				D521E0E3239A630600F4457B /* libYixinSDK.a */,
				D521E0E4239A630600F4457B /* YXApiObject.h */,
				D521E0E5239A630700F4457B /* YXApi.h */,
			);
			path = YiXinSDK;
			sourceTree = "<group>";
		};
		D521E0E6239A630700F4457B /* Required */ = {
			isa = PBXGroup;
			children = (
				D521E0E7239A630700F4457B /* ShareSDKConnector.framework */,
				D521E0E8239A630700F4457B /* ShareSDK.bundle */,
			);
			path = Required;
			sourceTree = "<group>";
		};
		D521E0E9239A630700F4457B /* Optional */ = {
			isa = PBXGroup;
			children = (
				D521E0EA239A630700F4457B /* ShareSDKUI.bundle */,
				D521E0EB239A630700F4457B /* ShareSDKLink.framework */,
				D521E0EC239A630700F4457B /* ShareSDKConfigFile.framework */,
				D521E0ED239A630700F4457B /* ShareSDKExtension.framework */,
				D521E0EE239A630700F4457B /* ShareSDKUI.framework */,
				D521E0EF239A630700F4457B /* ShareSDKConfigFile.bundle */,
			);
			path = Optional;
			sourceTree = "<group>";
		};
		D521E0F0239A630700F4457B /* PlatformConnector */ = {
			isa = PBXGroup;
			children = (
				D521E0F1239A630700F4457B /* PrintConnector.framework */,
				D521E0F2239A630700F4457B /* SMSConnector.framework */,
				D521E0F3239A630700F4457B /* DropboxConnector.framework */,
				D521E0F4239A630700F4457B /* RedditConnector.framework */,
				D521E0F5239A630700F4457B /* ESurfingConnector.framework */,
				D521E0F6239A630700F4457B /* FacebookAccountConnector.framework */,
				D521E0F7239A630700F4457B /* FacebookMessengerConnector.framework */,
				D521E0F8239A630700F4457B /* WhatsAppConnector.framework */,
				D521E0F9239A630700F4457B /* AppleAccountConnector.framework */,
				D521E0FA239A630700F4457B /* TelegramConnector.framework */,
				D521E0FB239A630700F4457B /* EasyChatConnector.framework */,
				D521E0FC239A630700F4457B /* CMCCConnector.framework */,
				D521E0FD239A630700F4457B /* AliSocialConnector.framework */,
				D521E0FE239A630700F4457B /* KaiXinConnector.framework */,
				D521E0FF239A630700F4457B /* MailConnector.framework */,
				D521E100239A630700F4457B /* QQConnector.framework */,
				D521E101239A630700F4457B /* TumblrConnector.framework */,
				D521E102239A630700F4457B /* VKontakteConnector.framework */,
				D521E103239A630700F4457B /* PocketConnector.framework */,
				D521E104239A630700F4457B /* MingDaoConnector.framework */,
				D521E105239A630700F4457B /* GooglePlusConnector.framework */,
				D521E106239A630700F4457B /* TencentWeiboConnector.framework */,
				D521E107239A630700F4457B /* LineConnector.framework */,
				D521E108239A630700F4457B /* MeiPaiConnector.framework */,
				D521E109239A630700F4457B /* DouyinConnector.framework */,
				D521E10A239A630700F4457B /* CopyConnector.framework */,
				D521E10B239A630700F4457B /* EvernoteConnector.framework */,
				D521E10C239A630700F4457B /* InstapaperConnector.framework */,
				D521E10D239A630700F4457B /* LinkedInConnector.framework */,
				D521E10E239A630700F4457B /* FlickrConnector.framework */,
				D521E10F239A630700F4457B /* DingTalkConnector.framework */,
				D521E110239A630700F4457B /* YouTubeConnector.framework */,
				D521E111239A630700F4457B /* TwitterConnector.framework */,
				D521E112239A630700F4457B /* FacebookConnector.framework */,
				D521E113239A630700F4457B /* WechatConnector.framework */,
				D521E114239A630700F4457B /* YouDaoNoteConnector.framework */,
				D521E115239A630700F4457B /* RenrenConnector.framework */,
				D521E116239A630700F4457B /* PinterestConnector.framework */,
				D521E117239A630700F4457B /* InstagramConnector.framework */,
				D521E118239A630700F4457B /* KakaoConnector.framework */,
				D521E119239A630700F4457B /* SinaWeiboConnector.framework */,
				D521E11A239A630700F4457B /* WeworkConnector.framework */,
				D521E11B239A630700F4457B /* DouBanConnector.framework */,
			);
			path = PlatformConnector;
			sourceTree = "<group>";
		};
		DED9EDCA1C294D7100183B2F /* C2DXShareSDK */ = {
			isa = PBXGroup;
			children = (
				DED9EDD61C294D7100183B2F /* C2DXShareSDK.h */,
				DED9EDD51C294D7100183B2F /* C2DXShareSDK.cpp */,
				DED9EDD71C294D7100183B2F /* C2DXShareSDKTypeDef.h */,
				DED9EDD81C294D7100183B2F /* iOS */,
			);
			path = C2DXShareSDK;
			sourceTree = "<group>";
		};
		DED9EDD81C294D7100183B2F /* iOS */ = {
			isa = PBXGroup;
			children = (
				DED9EDD91C294D7100183B2F /* C2DXiOSShareSDK.h */,
				DED9EDDA1C294D7100183B2F /* C2DXiOSShareSDK.mm */,
			);
			path = iOS;
			sourceTree = "<group>";
		};
/* End PBXGroup section */

/* Begin PBXNativeTarget section */
		1D6058900D05DD3D006BFB54 /* iOSShareSDKForCocos2DX-mobile */ = {
			isa = PBXNativeTarget;
			buildConfigurationList = 1D6058960D05DD3E006BFB54 /* Build configuration list for PBXNativeTarget "iOSShareSDKForCocos2DX-mobile" */;
			buildPhases = (
				1D60588D0D05DD3D006BFB54 /* Resources */,
				1D60588E0D05DD3D006BFB54 /* Sources */,
				1D60588F0D05DD3D006BFB54 /* Frameworks */,
			);
			buildRules = (
			);
			dependencies = (
				1AC6FB25180E99E1004C840B /* PBXTargetDependency */,
			);
			name = "iOSShareSDKForCocos2DX-mobile";
			productName = iphone;
			productReference = 1D6058910D05DD3D006BFB54 /* iOSShareSDKForCocos2DX-mobile.app */;
			productType = "com.apple.product-type.application";
		};
/* End PBXNativeTarget section */

/* Begin PBXProject section */
		29B97313FDCFA39411CA2CEA /* Project object */ = {
			isa = PBXProject;
			attributes = {
				LastUpgradeCheck = 0500;
				TargetAttributes = {
					1D6058900D05DD3D006BFB54 = {
						DevelopmentTeam = LW5266U92D;
						ProvisioningStyle = Manual;
					};
				};
			};
			buildConfigurationList = C01FCF4E08A954540054247B /* Build configuration list for PBXProject "iOSShareSDKForCocos2DX" */;
			compatibilityVersion = "Xcode 3.2";
			developmentRegion = English;
			hasScannedForEncodings = 1;
			knownRegions = (
				English,
				Japanese,
				French,
				German,
			);
			mainGroup = 29B97314FDCFA39411CA2CEA /* CustomTemplate */;
			projectDirPath = "";
			projectReferences = (
				{
					ProductGroup = 1AC6FAE6180E9839004C840B /* Products */;
					ProjectRef = 1AC6FAE5180E9839004C840B /* cocos2d_libs.xcodeproj */;
				},
			);
			projectRoot = "";
			targets = (
				1D6058900D05DD3D006BFB54 /* iOSShareSDKForCocos2DX-mobile */,
			);
		};
/* End PBXProject section */

/* Begin PBXReferenceProxy section */
		1AC6FAF9180E9839004C840B /* libcocos2d Mac.a */ = {
			isa = PBXReferenceProxy;
			fileType = archive.ar;
			path = "libcocos2d Mac.a";
			remoteRef = 1AC6FAF8180E9839004C840B /* PBXContainerItemProxy */;
			sourceTree = BUILT_PRODUCTS_DIR;
		};
		1AC6FB07180E9839004C840B /* libcocos2d iOS.a */ = {
			isa = PBXReferenceProxy;
			fileType = archive.ar;
			path = "libcocos2d iOS.a";
			remoteRef = 1AC6FB06180E9839004C840B /* PBXContainerItemProxy */;
			sourceTree = BUILT_PRODUCTS_DIR;
		};
/* End PBXReferenceProxy section */

/* Begin PBXResourcesBuildPhase section */
		1D60588D0D05DD3D006BFB54 /* Resources */ = {
			isa = PBXResourcesBuildPhase;
			buildActionMask = 2147483647;
			files = (
				5087E78117EB970100C73F5D /* Icon-120.png in Resources */,
				D521E12A239A630700F4457B /* Resource.bundle in Resources */,
				D521E132239A630700F4457B /* HTMLResource.bundle in Resources */,
				5087E78617EB970100C73F5D /* Icon-76.png in Resources */,
				5087E77F17EB970100C73F5D /* Default@2x.png in Resources */,
				50EF629917ECD46A001EB2F8 /* Icon-100.png in Resources */,
				5087E78317EB970100C73F5D /* Icon-152.png in Resources */,
				46880B8119C43A67006E1F66 /* HelloWorld.png in Resources */,
				46880B7D19C43A67006E1F66 /* CloseSelected.png in Resources */,
				5087E77D17EB970100C73F5D /* Default-568h@2x.png in Resources */,
				5087E78517EB970100C73F5D /* Icon-72.png in Resources */,
				D521E137239A630700F4457B /* ShareSDK.bundle in Resources */,
				D521E138239A630700F4457B /* ShareSDKUI.bundle in Resources */,
				521A8E6519F0C34300D177D7 /* Default-736h@3x.png in Resources */,
				521A8EA919F11F5000D177D7 /* fonts in Resources */,
				50EF62A317ECD613001EB2F8 /* Icon-50.png in Resources */,
				5087E78017EB970100C73F5D /* Icon-114.png in Resources */,
				50EF62A217ECD613001EB2F8 /* Icon-29.png in Resources */,
				50EF629617ECD46A001EB2F8 /* Icon-40.png in Resources */,
				D521E127239A630700F4457B /* AccountKitStrings.bundle in Resources */,
				D521E126239A630700F4457B /* README.md in Resources */,
				5087E78217EB970100C73F5D /* Icon-144.png in Resources */,
				D521E123239A630700F4457B /* README.txt in Resources */,
				3EACC98F19EE6D4300EB3C5E /* res in Resources */,
				50EF629817ECD46A001EB2F8 /* Icon-80.png in Resources */,
				5087E78417EB970100C73F5D /* Icon-57.png in Resources */,
				D521E13D239A630700F4457B /* ShareSDKConfigFile.bundle in Resources */,
				D521E11E239A630700F4457B /* RennSDK.bundle in Resources */,
				5087E77E17EB970100C73F5D /* Default.png in Resources */,
				521A8E6419F0C34300D177D7 /* Default-667h@2x.png in Resources */,
				D521E120239A630700F4457B /* WeiboSDK.bundle in Resources */,
				46880B7B19C43A67006E1F66 /* CloseNormal.png in Resources */,
				50EF629717ECD46A001EB2F8 /* Icon-58.png in Resources */,
			);
			runOnlyForDeploymentPostprocessing = 0;
		};
/* End PBXResourcesBuildPhase section */

/* Begin PBXSourcesBuildPhase section */
		1D60588E0D05DD3D006BFB54 /* Sources */ = {
			isa = PBXSourcesBuildPhase;
			buildActionMask = 2147483647;
			files = (
				46880B8819C43A87006E1F66 /* AppDelegate.cpp in Sources */,
				46880B8A19C43A87006E1F66 /* HelloWorldScene.cpp in Sources */,
				503AE10017EB989F00D1A890 /* AppController.mm in Sources */,
				DED9EDDE1C294D7100183B2F /* C2DXShareSDK.cpp in Sources */,
				503AE10217EB989F00D1A890 /* RootViewController.mm in Sources */,
				503AE10117EB989F00D1A890 /* main.m in Sources */,
				DED9EDDF1C294D7100183B2F /* C2DXiOSShareSDK.mm in Sources */,
			);
			runOnlyForDeploymentPostprocessing = 0;
		};
/* End PBXSourcesBuildPhase section */

/* Begin PBXTargetDependency section */
		1AC6FB25180E99E1004C840B /* PBXTargetDependency */ = {
			isa = PBXTargetDependency;
			name = "cocos2dx iOS";
			targetProxy = 1AC6FB24180E99E1004C840B /* PBXContainerItemProxy */;
		};
/* End PBXTargetDependency section */

/* Begin XCBuildConfiguration section */
		1D6058940D05DD3E006BFB54 /* Debug */ = {
			isa = XCBuildConfiguration;
			buildSettings = {
				ALWAYS_SEARCH_USER_PATHS = YES;
				CODE_SIGN_ENTITLEMENTS = "iOSShareSDKForCocos2DX-mobile.entitlements";
				CODE_SIGN_IDENTITY = "iPhone Developer";
				CODE_SIGN_STYLE = Manual;
				COMPRESS_PNG_FILES = NO;
				DEVELOPMENT_TEAM = LW5266U92D;
				ENABLE_BITCODE = NO;
				FRAMEWORK_SEARCH_PATHS = (
					"$(inherited)",
					"$(PROJECT_DIR)/ShareSDK",
					"$(PROJECT_DIR)/ShareSDK/Support/Optional",
					"$(PROJECT_DIR)/ShareSDK/Support/PlatformSDK/FacebookMessengerSDK",
					"$(PROJECT_DIR)/ShareSDK/Support/PlatformSDK/KaKaoSDK",
					"$(PROJECT_DIR)/ShareSDK/Support/PlatformSDK/QQSDK",
					"$(PROJECT_DIR)/ShareSDK/Support/PlatformSDK/RenRenSDK",
					"$(PROJECT_DIR)/ShareSDK/Support/Required",
					"$(PROJECT_DIR)/ShareSDK/Support/PlatformConnector",
					"$(PROJECT_DIR)/ShareSDK/Support/PlatformSDK/DingTalkSDK",
					"$(PROJECT_DIR)/ShareSDK/Support/PlatformSDK/MPShareSDK",
					"$(PROJECT_DIR)/ShareSDK/Support/PlatformSDK/LineSDK",
					"$(PROJECT_DIR)/SDK/Required",
					"$(PROJECT_DIR)/SDK/ShareSDK",
					"$(PROJECT_DIR)/SDK/ShareSDK/Support/Optional",
					"$(PROJECT_DIR)/SDK/ShareSDK/Support/PlatformConnector",
					"$(PROJECT_DIR)/SDK/ShareSDK/Support/PlatformSDK/DingTalkSDK",
					"$(PROJECT_DIR)/SDK/ShareSDK/Support/PlatformSDK/FacebookMessengerSDK",
					"$(PROJECT_DIR)/SDK/ShareSDK/Support/PlatformSDK/KaKaoSDK",
					"$(PROJECT_DIR)/SDK/ShareSDK/Support/PlatformSDK/LineSDK",
					"$(PROJECT_DIR)/SDK/ShareSDK/Support/PlatformSDK/MPShareSDK",
					"$(PROJECT_DIR)/SDK/ShareSDK/Support/PlatformSDK/QQSDK",
					"$(PROJECT_DIR)/SDK/ShareSDK/Support/PlatformSDK/RenRenSDK",
					"$(PROJECT_DIR)/SDK/ShareSDK/Support/Required",
					"$(PROJECT_DIR)/SDK/ShareSDK/Support/PlatformSDK/CMCCSDK",
					"$(PROJECT_DIR)/SDK/ShareSDK/Support/PlatformSDK/ESurfingSDK",
					"$(PROJECT_DIR)/SDK/ShareSDK/Support/PlatformSDK/FacebookAccountSDK",
					"$(PROJECT_DIR)/SDK/ShareSDK/Support/PlatformSDK/DouyinOpenSDK",
				);
				GCC_DYNAMIC_NO_PIC = NO;
				GCC_INLINES_ARE_PRIVATE_EXTERN = NO;
				GCC_PRECOMPILE_PREFIX_HEADER = YES;
				GCC_PREFIX_HEADER = ios/Prefix.pch;
				GCC_PREPROCESSOR_DEFINITIONS = (
					USE_FILE32API,
					CC_TARGET_OS_IPHONE,
					"COCOS2D_DEBUG=1",
					"CC_ENABLE_CHIPMUNK_INTEGRATION=1",
				);
				GCC_SYMBOLS_PRIVATE_EXTERN = NO;
				HEADER_SEARCH_PATHS = (
					"$(inherited)",
					"$(SRCROOT)/../cocos2d/cocos/platform/ios",
					"$(SRCROOT)/../cocos2d/cocos/platform/ios/Simulation",
				);
				INFOPLIST_FILE = ios/Info.plist;
				IPHONEOS_DEPLOYMENT_TARGET = 8.0;
				LIBRARY_SEARCH_PATHS = (
					"$(PROJECT_DIR)/ShareSDK/Support/PlatformSDK/APSocialSDK",
					"$(PROJECT_DIR)/ShareSDK/Support/PlatformSDK/SinaWeiboSDK",
					"$(PROJECT_DIR)/ShareSDK/Support/PlatformSDK/WeChatSDK",
					"$(PROJECT_DIR)/ShareSDK/Support/PlatformSDK/YiXinSDK",
					"$(PROJECT_DIR)/SDK/ShareSDK/Support/PlatformSDK/APSocialSDK",
					"$(PROJECT_DIR)/SDK/ShareSDK/Support/PlatformSDK/SinaWeiboSDK",
					"$(PROJECT_DIR)/SDK/ShareSDK/Support/PlatformSDK/WeChatSDK",
					"$(PROJECT_DIR)/SDK/ShareSDK/Support/PlatformSDK/YiXinSDK",
					"$(PROJECT_DIR)/SDK/ShareSDK/Support/PlatformSDK/DouyinOpenSDK",
					"$(PROJECT_DIR)/SDK/ShareSDK/Support/PlatformSDK/WXWorkSDK",
				);
				OTHER_LDFLAGS = (
					"$(_COCOS_LIB_IOS_BEGIN)",
					"$(_COCOS_LIB_IOS_END)",
					"-ObjC",
				);
				PRODUCT_BUNDLE_IDENTIFIER = com.mob.product.ShareSDK;
				PROVISIONING_PROFILE = "";
				PROVISIONING_PROFILE_SPECIFIER = ShareSDKDomainDev;
				SDKROOT = iphoneos;
				TARGETED_DEVICE_FAMILY = "1,2";
				USER_HEADER_SEARCH_PATHS = "$(_COCOS_HEADER_IOS_BEGIN) $(_COCOS_HEADER_IOS_END)";
				VALID_ARCHS = "arm64 armv7";
			};
			name = Debug;
		};
		1D6058950D05DD3E006BFB54 /* Release */ = {
			isa = XCBuildConfiguration;
			buildSettings = {
				ALWAYS_SEARCH_USER_PATHS = YES;
				CODE_SIGN_ENTITLEMENTS = "iOSShareSDKForCocos2DX-mobile.entitlements";
				CODE_SIGN_IDENTITY = "iPhone Distribution";
				CODE_SIGN_STYLE = Manual;
				COMPRESS_PNG_FILES = NO;
				DEVELOPMENT_TEAM = LW5266U92D;
				ENABLE_BITCODE = NO;
				FRAMEWORK_SEARCH_PATHS = (
					"$(inherited)",
					"$(PROJECT_DIR)/ShareSDK",
					"$(PROJECT_DIR)/ShareSDK/Support/Optional",
					"$(PROJECT_DIR)/ShareSDK/Support/PlatformSDK/FacebookMessengerSDK",
					"$(PROJECT_DIR)/ShareSDK/Support/PlatformSDK/KaKaoSDK",
					"$(PROJECT_DIR)/ShareSDK/Support/PlatformSDK/QQSDK",
					"$(PROJECT_DIR)/ShareSDK/Support/PlatformSDK/RenRenSDK",
					"$(PROJECT_DIR)/ShareSDK/Support/Required",
					"$(PROJECT_DIR)/ShareSDK/Support/PlatformConnector",
					"$(PROJECT_DIR)/ShareSDK/Support/PlatformSDK/DingTalkSDK",
					"$(PROJECT_DIR)/ShareSDK/Support/PlatformSDK/MPShareSDK",
					"$(PROJECT_DIR)/ShareSDK/Support/PlatformSDK/LineSDK",
					"$(PROJECT_DIR)/SDK/Required",
					"$(PROJECT_DIR)/SDK/ShareSDK",
					"$(PROJECT_DIR)/SDK/ShareSDK/Support/Optional",
					"$(PROJECT_DIR)/SDK/ShareSDK/Support/PlatformConnector",
					"$(PROJECT_DIR)/SDK/ShareSDK/Support/PlatformSDK/DingTalkSDK",
					"$(PROJECT_DIR)/SDK/ShareSDK/Support/PlatformSDK/FacebookMessengerSDK",
					"$(PROJECT_DIR)/SDK/ShareSDK/Support/PlatformSDK/KaKaoSDK",
					"$(PROJECT_DIR)/SDK/ShareSDK/Support/PlatformSDK/LineSDK",
					"$(PROJECT_DIR)/SDK/ShareSDK/Support/PlatformSDK/MPShareSDK",
					"$(PROJECT_DIR)/SDK/ShareSDK/Support/PlatformSDK/QQSDK",
					"$(PROJECT_DIR)/SDK/ShareSDK/Support/PlatformSDK/RenRenSDK",
					"$(PROJECT_DIR)/SDK/ShareSDK/Support/Required",
					"$(PROJECT_DIR)/SDK/ShareSDK/Support/PlatformSDK/CMCCSDK",
					"$(PROJECT_DIR)/SDK/ShareSDK/Support/PlatformSDK/ESurfingSDK",
					"$(PROJECT_DIR)/SDK/ShareSDK/Support/PlatformSDK/FacebookAccountSDK",
					"$(PROJECT_DIR)/SDK/ShareSDK/Support/PlatformSDK/DouyinOpenSDK",
				);
				GCC_INLINES_ARE_PRIVATE_EXTERN = NO;
				GCC_PRECOMPILE_PREFIX_HEADER = YES;
				GCC_PREFIX_HEADER = ios/Prefix.pch;
				GCC_PREPROCESSOR_DEFINITIONS = (
					USE_FILE32API,
					CC_TARGET_OS_IPHONE,
					"CC_ENABLE_CHIPMUNK_INTEGRATION=1",
				);
				GCC_SYMBOLS_PRIVATE_EXTERN = NO;
				HEADER_SEARCH_PATHS = (
					"$(inherited)",
					"$(SRCROOT)/../cocos2d/cocos/platform/ios",
					"$(SRCROOT)/../cocos2d/cocos/platform/ios/Simulation",
				);
				INFOPLIST_FILE = ios/Info.plist;
				IPHONEOS_DEPLOYMENT_TARGET = 8.0;
				LIBRARY_SEARCH_PATHS = (
					"$(PROJECT_DIR)/ShareSDK/Support/PlatformSDK/APSocialSDK",
					"$(PROJECT_DIR)/ShareSDK/Support/PlatformSDK/SinaWeiboSDK",
					"$(PROJECT_DIR)/ShareSDK/Support/PlatformSDK/WeChatSDK",
					"$(PROJECT_DIR)/ShareSDK/Support/PlatformSDK/YiXinSDK",
					"$(PROJECT_DIR)/SDK/ShareSDK/Support/PlatformSDK/APSocialSDK",
					"$(PROJECT_DIR)/SDK/ShareSDK/Support/PlatformSDK/SinaWeiboSDK",
					"$(PROJECT_DIR)/SDK/ShareSDK/Support/PlatformSDK/WeChatSDK",
					"$(PROJECT_DIR)/SDK/ShareSDK/Support/PlatformSDK/YiXinSDK",
					"$(PROJECT_DIR)/SDK/ShareSDK/Support/PlatformSDK/DouyinOpenSDK",
					"$(PROJECT_DIR)/SDK/ShareSDK/Support/PlatformSDK/WXWorkSDK",
				);
				OTHER_LDFLAGS = (
					"$(_COCOS_LIB_IOS_BEGIN)",
					"$(_COCOS_LIB_IOS_END)",
					"-ObjC",
				);
				PRODUCT_BUNDLE_IDENTIFIER = com.mob.product.ShareSDK;
				PROVISIONING_PROFILE = "";
				PROVISIONING_PROFILE_SPECIFIER = ShareSDK;
				SDKROOT = iphoneos;
				TARGETED_DEVICE_FAMILY = "1,2";
				USER_HEADER_SEARCH_PATHS = "$(_COCOS_HEADER_IOS_BEGIN) $(_COCOS_HEADER_IOS_END)";
				VALID_ARCHS = "arm64 armv7";
			};
			name = Release;
		};
		C01FCF4F08A954540054247B /* Debug */ = {
			isa = XCBuildConfiguration;
			buildSettings = {
				CLANG_CXX_LANGUAGE_STANDARD = "c++0x";
				CLANG_CXX_LIBRARY = "libc++";
				COPY_PHASE_STRIP = NO;
				GCC_OPTIMIZATION_LEVEL = 0;
				GCC_WARN_ABOUT_RETURN_TYPE = YES;
				GCC_WARN_UNUSED_VARIABLE = YES;
				HEADER_SEARCH_PATHS = (
					"$(SRCROOT)/../cocos2d",
					"$(SRCROOT)/../cocos2d/cocos",
					"$(SRCROOT)/../cocos2d/cocos/base",
					"$(SRCROOT)/../cocos2d/cocos/physics",
					"$(SRCROOT)/../cocos2d/cocos/math",
					"$(SRCROOT)/../cocos2d/cocos/2d",
					"$(SRCROOT)/../cocos2d/cocos/ui",
					"$(SRCROOT)/../cocos2d/cocos/network",
					"$(SRCROOT)/../cocos2d/cocos/audio/include",
					"$(SRCROOT)/../cocos2d/cocos/editor-support",
					"$(SRCROOT)/../cocos2d/extensions",
					"$(SRCROOT)/../cocos2d/external",
					"$(SRCROOT)/../cocos2d/external/chipmunk/include/chipmunk",
				);
				IPHONEOS_DEPLOYMENT_TARGET = 6.0;
				MACOSX_DEPLOYMENT_TARGET = 10.7;
				ONLY_ACTIVE_ARCH = YES;
				PRODUCT_NAME = "$(TARGET_NAME)";
				SDKROOT = macosx;
			};
			name = Debug;
		};
		C01FCF5008A954540054247B /* Release */ = {
			isa = XCBuildConfiguration;
			buildSettings = {
				CLANG_CXX_LANGUAGE_STANDARD = "c++0x";
				CLANG_CXX_LIBRARY = "libc++";
				GCC_WARN_ABOUT_RETURN_TYPE = YES;
				GCC_WARN_UNUSED_VARIABLE = YES;
				HEADER_SEARCH_PATHS = (
					"$(SRCROOT)/../cocos2d",
					"$(SRCROOT)/../cocos2d/cocos",
					"$(SRCROOT)/../cocos2d/cocos/base",
					"$(SRCROOT)/../cocos2d/cocos/physics",
					"$(SRCROOT)/../cocos2d/cocos/math",
					"$(SRCROOT)/../cocos2d/cocos/2d",
					"$(SRCROOT)/../cocos2d/cocos/ui",
					"$(SRCROOT)/../cocos2d/cocos/network",
					"$(SRCROOT)/../cocos2d/cocos/audio/include",
					"$(SRCROOT)/../cocos2d/cocos/editor-support",
					"$(SRCROOT)/../cocos2d/extensions",
					"$(SRCROOT)/../cocos2d/external",
					"$(SRCROOT)/../cocos2d/external/chipmunk/include/chipmunk",
				);
				IPHONEOS_DEPLOYMENT_TARGET = 6.0;
				MACOSX_DEPLOYMENT_TARGET = 10.7;
				OTHER_CFLAGS = "-DNS_BLOCK_ASSERTIONS=1";
				PRODUCT_NAME = "$(TARGET_NAME)";
				SDKROOT = macosx;
				VALIDATE_PRODUCT = YES;
			};
			name = Release;
		};
/* End XCBuildConfiguration section */

/* Begin XCConfigurationList section */
		1D6058960D05DD3E006BFB54 /* Build configuration list for PBXNativeTarget "iOSShareSDKForCocos2DX-mobile" */ = {
			isa = XCConfigurationList;
			buildConfigurations = (
				1D6058940D05DD3E006BFB54 /* Debug */,
				1D6058950D05DD3E006BFB54 /* Release */,
			);
			defaultConfigurationIsVisible = 0;
			defaultConfigurationName = Debug;
		};
		C01FCF4E08A954540054247B /* Build configuration list for PBXProject "iOSShareSDKForCocos2DX" */ = {
			isa = XCConfigurationList;
			buildConfigurations = (
				C01FCF4F08A954540054247B /* Debug */,
				C01FCF5008A954540054247B /* Release */,
			);
			defaultConfigurationIsVisible = 0;
			defaultConfigurationName = Debug;
		};
/* End XCConfigurationList section */
	};
	rootObject = 29B97313FDCFA39411CA2CEA /* Project object */;
}
